// !$*UTF8*$!
{
	archiveVersion = 1;
	classes = {
	};
	objectVersion = 51;
	objects = {

/* Begin PBXBuildFile section */
		3A3D2E64238EE4B500DD9876 /* PlaceDataHolder.swift in Sources */ = {isa = PBXBuildFile; fileRef = 3A3D2E63238EE4B500DD9876 /* PlaceDataHolder.swift */; };
		CAC2AFC9CE146BFE50DF962A /* Pods_Travel_App.framework in Frameworks */ = {isa = PBXBuildFile; fileRef = 02A41805EC993E5CF28FA43C /* Pods_Travel_App.framework */; };
		F71ACDEB238B41E60092279F /* Place.swift in Sources */ = {isa = PBXBuildFile; fileRef = F71ACDEA238B41E60092279F /* Place.swift */; };
		F745760E238B480C00C5A1DE /* Category.swift in Sources */ = {isa = PBXBuildFile; fileRef = F745760D238B480C00C5A1DE /* Category.swift */; };
		F7570AA0238AE8F300621E4F /* Configuration.swift in Sources */ = {isa = PBXBuildFile; fileRef = F7570A9F238AE8F300621E4F /* Configuration.swift */; };
		F7570AA3238AEAA200621E4F /* Location.swift in Sources */ = {isa = PBXBuildFile; fileRef = F7570AA2238AEAA200621E4F /* Location.swift */; };
		F7570AA8238AEC9C00621E4F /* LocationService.swift in Sources */ = {isa = PBXBuildFile; fileRef = F7570AA7238AEC9C00621E4F /* LocationService.swift */; };
		F7570AAA238AECBA00621E4F /* LoactionManager.swift in Sources */ = {isa = PBXBuildFile; fileRef = F7570AA9238AECBA00621E4F /* LoactionManager.swift */; };
		F75EAD3A2392FED80001C457 /* CategoryFilterDelegate.swift in Sources */ = {isa = PBXBuildFile; fileRef = F75EAD392392FED80001C457 /* CategoryFilterDelegate.swift */; };
		F761DFF22381CF7400D9DBBD /* SettingsViewController.swift in Sources */ = {isa = PBXBuildFile; fileRef = F761DFF12381CF7400D9DBBD /* SettingsViewController.swift */; };
		F761DFF42381CF8500D9DBBD /* SettingsViewProtocol.swift in Sources */ = {isa = PBXBuildFile; fileRef = F761DFF32381CF8500D9DBBD /* SettingsViewProtocol.swift */; };
		F761DFF62381CF9200D9DBBD /* SettingsPresenter.swift in Sources */ = {isa = PBXBuildFile; fileRef = F761DFF52381CF9200D9DBBD /* SettingsPresenter.swift */; };
		F761DFF82381CFAD00D9DBBD /* SettingsPresenterProtocol.swift in Sources */ = {isa = PBXBuildFile; fileRef = F761DFF72381CFAD00D9DBBD /* SettingsPresenterProtocol.swift */; };
		F77F22422392DB3C004610CE /* Extension+UIViewController.swift in Sources */ = {isa = PBXBuildFile; fileRef = F77F22412392DB3C004610CE /* Extension+UIViewController.swift */; };
		F77F22462392E816004610CE /* Extension+CALayer.swift in Sources */ = {isa = PBXBuildFile; fileRef = F77F22452392E816004610CE /* Extension+CALayer.swift */; };
		F7932B652393A0E4006E6496 /* PlacePreviewDelegate.swift in Sources */ = {isa = PBXBuildFile; fileRef = F7932B642393A0E4006E6496 /* PlacePreviewDelegate.swift */; };
		F7932B672393A65C006E6496 /* InfoStoryboard.storyboard in Resources */ = {isa = PBXBuildFile; fileRef = F7932B662393A65C006E6496 /* InfoStoryboard.storyboard */; };
		F7932B692393A687006E6496 /* PlaceInfoViewController.swift in Sources */ = {isa = PBXBuildFile; fileRef = F7932B682393A687006E6496 /* PlaceInfoViewController.swift */; };
		F798835A2381AE5E00F01F3A /* ViewFactory.swift in Sources */ = {isa = PBXBuildFile; fileRef = F79883592381AE5E00F01F3A /* ViewFactory.swift */; };
		F798835D2381AEF800F01F3A /* SearchViewController.swift in Sources */ = {isa = PBXBuildFile; fileRef = F798835C2381AEF800F01F3A /* SearchViewController.swift */; };
		F798835F2381AF0E00F01F3A /* SearchViewProtocol.swift in Sources */ = {isa = PBXBuildFile; fileRef = F798835E2381AF0E00F01F3A /* SearchViewProtocol.swift */; };
		F79883612381AF1900F01F3A /* SearchPresenter.swift in Sources */ = {isa = PBXBuildFile; fileRef = F79883602381AF1900F01F3A /* SearchPresenter.swift */; };
		F79883632381AF5000F01F3A /* SearchPresenterProtocol.swift in Sources */ = {isa = PBXBuildFile; fileRef = F79883622381AF5000F01F3A /* SearchPresenterProtocol.swift */; };
		F79883682381B8F000F01F3A /* HomeViewController.swift in Sources */ = {isa = PBXBuildFile; fileRef = F79883672381B8F000F01F3A /* HomeViewController.swift */; };
		F798836A2381C4FA00F01F3A /* HomeViewProtocol.swift in Sources */ = {isa = PBXBuildFile; fileRef = F79883692381C4FA00F01F3A /* HomeViewProtocol.swift */; };
		F79883742381C6CB00F01F3A /* HomePresenterProtocol.swift in Sources */ = {isa = PBXBuildFile; fileRef = F79883722381C6CB00F01F3A /* HomePresenterProtocol.swift */; };
		F79883752381C6CB00F01F3A /* HomePresenter.swift in Sources */ = {isa = PBXBuildFile; fileRef = F79883732381C6CB00F01F3A /* HomePresenter.swift */; };
		F79883772381C92900F01F3A /* ProfileViewController.swift in Sources */ = {isa = PBXBuildFile; fileRef = F79883762381C92900F01F3A /* ProfileViewController.swift */; };
		F79883792381C93E00F01F3A /* ProfileViewProtocol.swift in Sources */ = {isa = PBXBuildFile; fileRef = F79883782381C93E00F01F3A /* ProfileViewProtocol.swift */; };
		F798837B2381C94C00F01F3A /* ProfilePresenter.swift in Sources */ = {isa = PBXBuildFile; fileRef = F798837A2381C94C00F01F3A /* ProfilePresenter.swift */; };
		F798837D2381C95B00F01F3A /* ProfilePresenterProtocol.swift in Sources */ = {isa = PBXBuildFile; fileRef = F798837C2381C95B00F01F3A /* ProfilePresenterProtocol.swift */; };
		F79FCA2123847D4E009F1693 /* AvenirNextLTPro-Bold.otf in Resources */ = {isa = PBXBuildFile; fileRef = F79FCA2023847D4E009F1693 /* AvenirNextLTPro-Bold.otf */; };
		F79FCA2623847ED2009F1693 /* AvenirNextLTPro-Regular.otf in Resources */ = {isa = PBXBuildFile; fileRef = F79FCA2223847ED2009F1693 /* AvenirNextLTPro-Regular.otf */; };
		F79FCA2723847ED2009F1693 /* AvenirNextLTPro-HeavyCn.otf in Resources */ = {isa = PBXBuildFile; fileRef = F79FCA2323847ED2009F1693 /* AvenirNextLTPro-HeavyCn.otf */; };
		F79FCA2823847ED2009F1693 /* AvenirNextLTPro-Demi.otf in Resources */ = {isa = PBXBuildFile; fileRef = F79FCA2423847ED2009F1693 /* AvenirNextLTPro-Demi.otf */; };
		F79FCA2923847ED2009F1693 /* AvenirNextLTPro-UltLtCn.otf in Resources */ = {isa = PBXBuildFile; fileRef = F79FCA2523847ED2009F1693 /* AvenirNextLTPro-UltLtCn.otf */; };
		F7ADB08F237F3A9700DA4E89 /* AppDelegate.swift in Sources */ = {isa = PBXBuildFile; fileRef = F7ADB08E237F3A9700DA4E89 /* AppDelegate.swift */; };
		F7ADB091237F3A9700DA4E89 /* AppTabBarController.swift in Sources */ = {isa = PBXBuildFile; fileRef = F7ADB090237F3A9700DA4E89 /* AppTabBarController.swift */; };
		F7ADB099237F3A9E00DA4E89 /* LaunchScreen.storyboard in Resources */ = {isa = PBXBuildFile; fileRef = F7ADB097237F3A9E00DA4E89 /* LaunchScreen.storyboard */; };
		F7B45FFF2389103F005CBEE4 /* PreferenceBoardViewController.swift in Sources */ = {isa = PBXBuildFile; fileRef = F7B45FFE2389103F005CBEE4 /* PreferenceBoardViewController.swift */; };
		F7B46001238919B6005CBEE4 /* PreferencesTour.storyboard in Resources */ = {isa = PBXBuildFile; fileRef = F7B46000238919B5005CBEE4 /* PreferencesTour.storyboard */; };
		F7C7A1AA238B30CD00C33FE4 /* GoogleApiService.swift in Sources */ = {isa = PBXBuildFile; fileRef = F7C7A1A9238B30CD00C33FE4 /* GoogleApiService.swift */; };
		F7C7A1AC238B369A00C33FE4 /* GoogleService-Info.plist in Resources */ = {isa = PBXBuildFile; fileRef = F7C7A1AB238B369A00C33FE4 /* GoogleService-Info.plist */; };
		F7CA366723925B85005F7C57 /* CategoryFilter.swift in Sources */ = {isa = PBXBuildFile; fileRef = F7CA366623925B84005F7C57 /* CategoryFilter.swift */; };
		F7CA366923925DC9005F7C57 /* CategoryFilterCell.swift in Sources */ = {isa = PBXBuildFile; fileRef = F7CA366823925DC9005F7C57 /* CategoryFilterCell.swift */; };
		F7CA366D23926116005F7C57 /* Label.swift in Sources */ = {isa = PBXBuildFile; fileRef = F7CA366C23926116005F7C57 /* Label.swift */; };
		F7CCB5C6238488D7004C4A35 /* Assets.xcassets in Resources */ = {isa = PBXBuildFile; fileRef = F7ADB095237F3A9E00DA4E89 /* Assets.xcassets */; };
		F7E9DDE2238344CB000DE6F4 /* PlacePreview.swift in Sources */ = {isa = PBXBuildFile; fileRef = F7E9DDE1238344CB000DE6F4 /* PlacePreview.swift */; };
		F7F90D4623873FA600722F90 /* SettingTableViewCell.swift in Sources */ = {isa = PBXBuildFile; fileRef = F7F90D4523873FA600722F90 /* SettingTableViewCell.swift */; };
/* End PBXBuildFile section */

/* Begin PBXFileReference section */
		02A41805EC993E5CF28FA43C /* Pods_Travel_App.framework */ = {isa = PBXFileReference; explicitFileType = wrapper.framework; includeInIndex = 0; path = Pods_Travel_App.framework; sourceTree = BUILT_PRODUCTS_DIR; };
		3A3D2E63238EE4B500DD9876 /* PlaceDataHolder.swift */ = {isa = PBXFileReference; lastKnownFileType = sourcecode.swift; path = PlaceDataHolder.swift; sourceTree = "<group>"; };
		666AAB4DC0E5FE91DDA1E761 /* Pods-Travel-App.release.xcconfig */ = {isa = PBXFileReference; includeInIndex = 1; lastKnownFileType = text.xcconfig; name = "Pods-Travel-App.release.xcconfig"; path = "Target Support Files/Pods-Travel-App/Pods-Travel-App.release.xcconfig"; sourceTree = "<group>"; };
		C61D44D03DA574807B86294F /* Pods-Travel-App.debug.xcconfig */ = {isa = PBXFileReference; includeInIndex = 1; lastKnownFileType = text.xcconfig; name = "Pods-Travel-App.debug.xcconfig"; path = "Target Support Files/Pods-Travel-App/Pods-Travel-App.debug.xcconfig"; sourceTree = "<group>"; };
		F71ACDEA238B41E60092279F /* Place.swift */ = {isa = PBXFileReference; lastKnownFileType = sourcecode.swift; path = Place.swift; sourceTree = "<group>"; };
		F745760D238B480C00C5A1DE /* Category.swift */ = {isa = PBXFileReference; lastKnownFileType = sourcecode.swift; path = Category.swift; sourceTree = "<group>"; };
		F7570A9F238AE8F300621E4F /* Configuration.swift */ = {isa = PBXFileReference; lastKnownFileType = sourcecode.swift; name = Configuration.swift; path = "Travel-App/Scenes/Search/Locations/Configuration/Configuration.swift"; sourceTree = SOURCE_ROOT; };
		F7570AA2238AEAA200621E4F /* Location.swift */ = {isa = PBXFileReference; lastKnownFileType = sourcecode.swift; path = Location.swift; sourceTree = "<group>"; };
		F7570AA7238AEC9C00621E4F /* LocationService.swift */ = {isa = PBXFileReference; lastKnownFileType = sourcecode.swift; name = LocationService.swift; path = "Travel-App/Scenes/Search/Locations/Protocols/LocationService.swift"; sourceTree = SOURCE_ROOT; };
		F7570AA9238AECBA00621E4F /* LoactionManager.swift */ = {isa = PBXFileReference; lastKnownFileType = sourcecode.swift; path = LoactionManager.swift; sourceTree = "<group>"; };
		F75EAD392392FED80001C457 /* CategoryFilterDelegate.swift */ = {isa = PBXFileReference; lastKnownFileType = sourcecode.swift; name = CategoryFilterDelegate.swift; path = "Travel-App/Scenes/Search/CategoryFilterDelegate.swift"; sourceTree = SOURCE_ROOT; };
		F761DFF12381CF7400D9DBBD /* SettingsViewController.swift */ = {isa = PBXFileReference; lastKnownFileType = sourcecode.swift; path = SettingsViewController.swift; sourceTree = "<group>"; };
		F761DFF32381CF8500D9DBBD /* SettingsViewProtocol.swift */ = {isa = PBXFileReference; lastKnownFileType = sourcecode.swift; path = SettingsViewProtocol.swift; sourceTree = "<group>"; };
		F761DFF52381CF9200D9DBBD /* SettingsPresenter.swift */ = {isa = PBXFileReference; lastKnownFileType = sourcecode.swift; path = SettingsPresenter.swift; sourceTree = "<group>"; };
		F761DFF72381CFAD00D9DBBD /* SettingsPresenterProtocol.swift */ = {isa = PBXFileReference; lastKnownFileType = sourcecode.swift; path = SettingsPresenterProtocol.swift; sourceTree = "<group>"; };
		F77F22412392DB3C004610CE /* Extension+UIViewController.swift */ = {isa = PBXFileReference; lastKnownFileType = sourcecode.swift; name = "Extension+UIViewController.swift"; path = "../../Extension+UIViewController.swift"; sourceTree = "<group>"; };
		F77F22442392DB6A004610CE /* Extension+UIViewController.swift */ = {isa = PBXFileReference; lastKnownFileType = sourcecode.swift; path = "Extension+UIViewController.swift"; sourceTree = "<group>"; };
		F77F22452392E816004610CE /* Extension+CALayer.swift */ = {isa = PBXFileReference; lastKnownFileType = sourcecode.swift; path = "Extension+CALayer.swift"; sourceTree = SOURCE_ROOT; };
		F7932B642393A0E4006E6496 /* PlacePreviewDelegate.swift */ = {isa = PBXFileReference; lastKnownFileType = sourcecode.swift; name = PlacePreviewDelegate.swift; path = "Travel-App/Scenes/Search/Screen/PlacePreviewDelegate.swift"; sourceTree = SOURCE_ROOT; };
		F7932B662393A65C006E6496 /* InfoStoryboard.storyboard */ = {isa = PBXFileReference; lastKnownFileType = file.storyboard; name = InfoStoryboard.storyboard; path = "Travel-App/Scenes/Search/PlaceInfo/InfoStoryboard.storyboard"; sourceTree = SOURCE_ROOT; };
		F7932B682393A687006E6496 /* PlaceInfoViewController.swift */ = {isa = PBXFileReference; lastKnownFileType = sourcecode.swift; path = PlaceInfoViewController.swift; sourceTree = "<group>"; };
		F79883592381AE5E00F01F3A /* ViewFactory.swift */ = {isa = PBXFileReference; lastKnownFileType = sourcecode.swift; name = ViewFactory.swift; path = ../ViewFactory.swift; sourceTree = "<group>"; };
		F798835C2381AEF800F01F3A /* SearchViewController.swift */ = {isa = PBXFileReference; lastKnownFileType = sourcecode.swift; path = SearchViewController.swift; sourceTree = "<group>"; };
		F798835E2381AF0E00F01F3A /* SearchViewProtocol.swift */ = {isa = PBXFileReference; lastKnownFileType = sourcecode.swift; path = SearchViewProtocol.swift; sourceTree = "<group>"; };
		F79883602381AF1900F01F3A /* SearchPresenter.swift */ = {isa = PBXFileReference; lastKnownFileType = sourcecode.swift; path = SearchPresenter.swift; sourceTree = "<group>"; };
		F79883622381AF5000F01F3A /* SearchPresenterProtocol.swift */ = {isa = PBXFileReference; lastKnownFileType = sourcecode.swift; path = SearchPresenterProtocol.swift; sourceTree = "<group>"; };
		F79883672381B8F000F01F3A /* HomeViewController.swift */ = {isa = PBXFileReference; lastKnownFileType = sourcecode.swift; path = HomeViewController.swift; sourceTree = "<group>"; };
		F79883692381C4FA00F01F3A /* HomeViewProtocol.swift */ = {isa = PBXFileReference; lastKnownFileType = sourcecode.swift; path = HomeViewProtocol.swift; sourceTree = "<group>"; };
		F79883722381C6CB00F01F3A /* HomePresenterProtocol.swift */ = {isa = PBXFileReference; fileEncoding = 4; lastKnownFileType = sourcecode.swift; path = HomePresenterProtocol.swift; sourceTree = "<group>"; };
		F79883732381C6CB00F01F3A /* HomePresenter.swift */ = {isa = PBXFileReference; fileEncoding = 4; lastKnownFileType = sourcecode.swift; path = HomePresenter.swift; sourceTree = "<group>"; };
		F79883762381C92900F01F3A /* ProfileViewController.swift */ = {isa = PBXFileReference; lastKnownFileType = sourcecode.swift; path = ProfileViewController.swift; sourceTree = "<group>"; };
		F79883782381C93E00F01F3A /* ProfileViewProtocol.swift */ = {isa = PBXFileReference; lastKnownFileType = sourcecode.swift; name = ProfileViewProtocol.swift; path = ../ProfileViewProtocol.swift; sourceTree = "<group>"; };
		F798837A2381C94C00F01F3A /* ProfilePresenter.swift */ = {isa = PBXFileReference; lastKnownFileType = sourcecode.swift; path = ProfilePresenter.swift; sourceTree = "<group>"; };
		F798837C2381C95B00F01F3A /* ProfilePresenterProtocol.swift */ = {isa = PBXFileReference; lastKnownFileType = sourcecode.swift; path = ProfilePresenterProtocol.swift; sourceTree = "<group>"; };
		F79FCA2023847D4E009F1693 /* AvenirNextLTPro-Bold.otf */ = {isa = PBXFileReference; lastKnownFileType = file; path = "AvenirNextLTPro-Bold.otf"; sourceTree = "<group>"; };
		F79FCA2223847ED2009F1693 /* AvenirNextLTPro-Regular.otf */ = {isa = PBXFileReference; lastKnownFileType = file; path = "AvenirNextLTPro-Regular.otf"; sourceTree = "<group>"; };
		F79FCA2323847ED2009F1693 /* AvenirNextLTPro-HeavyCn.otf */ = {isa = PBXFileReference; lastKnownFileType = file; path = "AvenirNextLTPro-HeavyCn.otf"; sourceTree = "<group>"; };
		F79FCA2423847ED2009F1693 /* AvenirNextLTPro-Demi.otf */ = {isa = PBXFileReference; lastKnownFileType = file; path = "AvenirNextLTPro-Demi.otf"; sourceTree = "<group>"; };
		F79FCA2523847ED2009F1693 /* AvenirNextLTPro-UltLtCn.otf */ = {isa = PBXFileReference; lastKnownFileType = file; path = "AvenirNextLTPro-UltLtCn.otf"; sourceTree = "<group>"; };
		F7ADB08B237F3A9700DA4E89 /* Travel-App.app */ = {isa = PBXFileReference; explicitFileType = wrapper.application; includeInIndex = 0; path = "Travel-App.app"; sourceTree = BUILT_PRODUCTS_DIR; };
		F7ADB08E237F3A9700DA4E89 /* AppDelegate.swift */ = {isa = PBXFileReference; lastKnownFileType = sourcecode.swift; path = AppDelegate.swift; sourceTree = "<group>"; };
		F7ADB090237F3A9700DA4E89 /* AppTabBarController.swift */ = {isa = PBXFileReference; lastKnownFileType = sourcecode.swift; path = AppTabBarController.swift; sourceTree = "<group>"; };
		F7ADB095237F3A9E00DA4E89 /* Assets.xcassets */ = {isa = PBXFileReference; lastKnownFileType = folder.assetcatalog; path = Assets.xcassets; sourceTree = "<group>"; };
		F7ADB098237F3A9E00DA4E89 /* Base */ = {isa = PBXFileReference; lastKnownFileType = file.storyboard; name = Base; path = Base.lproj/LaunchScreen.storyboard; sourceTree = "<group>"; };
		F7ADB09A237F3A9E00DA4E89 /* Info.plist */ = {isa = PBXFileReference; lastKnownFileType = text.plist.xml; path = Info.plist; sourceTree = "<group>"; };
		F7B45FFE2389103F005CBEE4 /* PreferenceBoardViewController.swift */ = {isa = PBXFileReference; lastKnownFileType = sourcecode.swift; path = PreferenceBoardViewController.swift; sourceTree = "<group>"; };
		F7B46000238919B5005CBEE4 /* PreferencesTour.storyboard */ = {isa = PBXFileReference; lastKnownFileType = file.storyboard; path = PreferencesTour.storyboard; sourceTree = "<group>"; };
		F7C7A1A9238B30CD00C33FE4 /* GoogleApiService.swift */ = {isa = PBXFileReference; lastKnownFileType = sourcecode.swift; name = GoogleApiService.swift; path = "Travel-App/Network/Handler/GoogleApiService.swift"; sourceTree = SOURCE_ROOT; };
		F7C7A1AB238B369A00C33FE4 /* GoogleService-Info.plist */ = {isa = PBXFileReference; fileEncoding = 4; lastKnownFileType = text.plist.xml; path = "GoogleService-Info.plist"; sourceTree = "<group>"; };
		F7CA366623925B84005F7C57 /* CategoryFilter.swift */ = {isa = PBXFileReference; lastKnownFileType = sourcecode.swift; path = CategoryFilter.swift; sourceTree = "<group>"; };
		F7CA366823925DC9005F7C57 /* CategoryFilterCell.swift */ = {isa = PBXFileReference; lastKnownFileType = sourcecode.swift; path = CategoryFilterCell.swift; sourceTree = "<group>"; };
		F7CA366C23926116005F7C57 /* Label.swift */ = {isa = PBXFileReference; lastKnownFileType = sourcecode.swift; path = Label.swift; sourceTree = "<group>"; };
		F7E9DDE1238344CB000DE6F4 /* PlacePreview.swift */ = {isa = PBXFileReference; lastKnownFileType = sourcecode.swift; path = PlacePreview.swift; sourceTree = "<group>"; };
		F7F90D4523873FA600722F90 /* SettingTableViewCell.swift */ = {isa = PBXFileReference; lastKnownFileType = sourcecode.swift; path = SettingTableViewCell.swift; sourceTree = "<group>"; };
/* End PBXFileReference section */

/* Begin PBXFrameworksBuildPhase section */
		F7ADB088237F3A9700DA4E89 /* Frameworks */ = {
			isa = PBXFrameworksBuildPhase;
			buildActionMask = 2147483647;
			files = (
				CAC2AFC9CE146BFE50DF962A /* Pods_Travel_App.framework in Frameworks */,
			);
			runOnlyForDeploymentPostprocessing = 0;
		};
/* End PBXFrameworksBuildPhase section */

/* Begin PBXGroup section */
		024B4328CA0316027ACCF43C /* Pods */ = {
			isa = PBXGroup;
			children = (
				C61D44D03DA574807B86294F /* Pods-Travel-App.debug.xcconfig */,
				666AAB4DC0E5FE91DDA1E761 /* Pods-Travel-App.release.xcconfig */,
			);
			path = Pods;
			sourceTree = "<group>";
		};
		C2D17BFE28A13407CD023D67 /* Frameworks */ = {
			isa = PBXGroup;
			children = (
				02A41805EC993E5CF28FA43C /* Pods_Travel_App.framework */,
			);
			name = Frameworks;
			sourceTree = "<group>";
		};
		F71ACDE9238B41B60092279F /* Network */ = {
			isa = PBXGroup;
			children = (
				F7E180E1238DD69500406EFC /* Handler */,
				F7E180E0238DD68B00406EFC /* Models */,
			);
			path = Network;
			sourceTree = "<group>";
		};
		F7570A9C238A943D00621E4F /* TourPreferensesView */ = {
			isa = PBXGroup;
			children = (
				F7B45FFE2389103F005CBEE4 /* PreferenceBoardViewController.swift */,
				F7B46000238919B5005CBEE4 /* PreferencesTour.storyboard */,
			);
			path = TourPreferensesView;
			sourceTree = "<group>";
		};
		F7570AA1238AEA7000621E4F /* Models */ = {
			isa = PBXGroup;
			children = (
				F7570AA2238AEAA200621E4F /* Location.swift */,
			);
			path = Models;
			sourceTree = "<group>";
		};
		F7570AA6238AEBFE00621E4F /* Protocols */ = {
			isa = PBXGroup;
			children = (
				F7570AA7238AEC9C00621E4F /* LocationService.swift */,
			);
			path = Protocols;
			sourceTree = "<group>";
		};
		F761DFF92381D02800D9DBBD /* Presenter */ = {
			isa = PBXGroup;
			children = (
				F761DFF52381CF9200D9DBBD /* SettingsPresenter.swift */,
				F761DFF72381CFAD00D9DBBD /* SettingsPresenterProtocol.swift */,
			);
			path = Presenter;
			sourceTree = "<group>";
		};
		F761DFFA2381D04300D9DBBD /* View */ = {
			isa = PBXGroup;
			children = (
				F761DFF12381CF7400D9DBBD /* SettingsViewController.swift */,
				F761DFF32381CF8500D9DBBD /* SettingsViewProtocol.swift */,
				F7F90D4523873FA600722F90 /* SettingTableViewCell.swift */,
			);
			path = View;
			sourceTree = "<group>";
		};
		F761DFFB2381D04E00D9DBBD /* Settings */ = {
			isa = PBXGroup;
			children = (
				F7B45FFD23890F22005CBEE4 /* Base */,
			);
			path = Settings;
			sourceTree = "<group>";
		};
		F77F22432392DB6A004610CE /* Utility */ = {
			isa = PBXGroup;
			children = (
				F7CA366C23926116005F7C57 /* Label.swift */,
				F77F22442392DB6A004610CE /* Extension+UIViewController.swift */,
				F77F22452392E816004610CE /* Extension+CALayer.swift */,
			);
			path = Utility;
			sourceTree = "<group>";
		};
		F7932B6A23943956006E6496 /* PlaceInfo */ = {
			isa = PBXGroup;
			children = (
				F7932B662393A65C006E6496 /* InfoStoryboard.storyboard */,
				F7932B682393A687006E6496 /* PlaceInfoViewController.swift */,
			);
			path = PlaceInfo;
			sourceTree = "<group>";
		};
		F7958CCB238B09C1007688F8 /* Locations */ = {
			isa = PBXGroup;
			children = (
				F7F0C9C7238AED1A007EF5B4 /* Managers */,
				F7570AA6238AEBFE00621E4F /* Protocols */,
				F7570AA1238AEA7000621E4F /* Models */,
				F7F0C9C8238AED97007EF5B4 /* Configuration */,
			);
			path = Locations;
			sourceTree = "<group>";
		};
		F7958CCC238B09DB007688F8 /* Screen */ = {
			isa = PBXGroup;
			children = (
				F7958CCD238B0CD8007688F8 /* CustomView */,
				F79883652381AF8B00F01F3A /* View */,
				F79883642381AF8100F01F3A /* Presenter */,
			);
			path = Screen;
			sourceTree = "<group>";
		};
		F7958CCD238B0CD8007688F8 /* CustomView */ = {
			isa = PBXGroup;
			children = (
				F7E9DDE1238344CB000DE6F4 /* PlacePreview.swift */,
				F7932B642393A0E4006E6496 /* PlacePreviewDelegate.swift */,
				F7CA366623925B84005F7C57 /* CategoryFilter.swift */,
				F7CA366823925DC9005F7C57 /* CategoryFilterCell.swift */,
				F75EAD392392FED80001C457 /* CategoryFilterDelegate.swift */,
			);
			path = CustomView;
			sourceTree = "<group>";
		};
		F798835B2381AEAE00F01F3A /* Scenes */ = {
			isa = PBXGroup;
			children = (
				F79883592381AE5E00F01F3A /* ViewFactory.swift */,
				F761DFFB2381D04E00D9DBBD /* Settings */,
				F79883802381CA1500F01F3A /* Profile */,
				F79883712381C60A00F01F3A /* Home */,
				F79883662381AF9600F01F3A /* Search */,
			);
			path = Scenes;
			sourceTree = "<group>";
		};
		F79883642381AF8100F01F3A /* Presenter */ = {
			isa = PBXGroup;
			children = (
				F79883602381AF1900F01F3A /* SearchPresenter.swift */,
				F79883622381AF5000F01F3A /* SearchPresenterProtocol.swift */,
			);
			path = Presenter;
			sourceTree = "<group>";
		};
		F79883652381AF8B00F01F3A /* View */ = {
			isa = PBXGroup;
			children = (
				F798835C2381AEF800F01F3A /* SearchViewController.swift */,
				F798835E2381AF0E00F01F3A /* SearchViewProtocol.swift */,
			);
			path = View;
			sourceTree = "<group>";
		};
		F79883662381AF9600F01F3A /* Search */ = {
			isa = PBXGroup;
			children = (
				F7958CCB238B09C1007688F8 /* Locations */,
				F7570A9C238A943D00621E4F /* TourPreferensesView */,
				F7958CCC238B09DB007688F8 /* Screen */,
				F7932B6A23943956006E6496 /* PlaceInfo */,
			);
			path = Search;
			sourceTree = "<group>";
		};
		F798836F2381C5EF00F01F3A /* Presenter */ = {
			isa = PBXGroup;
			children = (
				F79883732381C6CB00F01F3A /* HomePresenter.swift */,
				F79883722381C6CB00F01F3A /* HomePresenterProtocol.swift */,
			);
			path = Presenter;
			sourceTree = "<group>";
		};
		F79883702381C5FA00F01F3A /* View */ = {
			isa = PBXGroup;
			children = (
				F79883672381B8F000F01F3A /* HomeViewController.swift */,
				F79883692381C4FA00F01F3A /* HomeViewProtocol.swift */,
			);
			path = View;
			sourceTree = "<group>";
		};
		F79883712381C60A00F01F3A /* Home */ = {
			isa = PBXGroup;
			children = (
				F79883702381C5FA00F01F3A /* View */,
				F798836F2381C5EF00F01F3A /* Presenter */,
			);
			path = Home;
			sourceTree = "<group>";
		};
		F798837E2381C9A500F01F3A /* View */ = {
			isa = PBXGroup;
			children = (
				F79883762381C92900F01F3A /* ProfileViewController.swift */,
				F79883782381C93E00F01F3A /* ProfileViewProtocol.swift */,
			);
			name = View;
			path = ../View;
			sourceTree = "<group>";
		};
		F798837F2381CA0A00F01F3A /* Presenter */ = {
			isa = PBXGroup;
			children = (
				F798837A2381C94C00F01F3A /* ProfilePresenter.swift */,
				F798837C2381C95B00F01F3A /* ProfilePresenterProtocol.swift */,
			);
			name = Presenter;
			path = ../Presenter;
			sourceTree = "<group>";
		};
		F79883802381CA1500F01F3A /* Profile */ = {
			isa = PBXGroup;
			children = (
				F798837E2381C9A500F01F3A /* View */,
				F798837F2381CA0A00F01F3A /* Presenter */,
			);
			path = Profile;
			sourceTree = "<group>";
		};
		F79FCA1E23846F69009F1693 /* Resources */ = {
			isa = PBXGroup;
			children = (
				F79FCA2023847D4E009F1693 /* AvenirNextLTPro-Bold.otf */,
				F79FCA2423847ED2009F1693 /* AvenirNextLTPro-Demi.otf */,
				F79FCA2323847ED2009F1693 /* AvenirNextLTPro-HeavyCn.otf */,
				F79FCA2223847ED2009F1693 /* AvenirNextLTPro-Regular.otf */,
				F79FCA2523847ED2009F1693 /* AvenirNextLTPro-UltLtCn.otf */,
			);
			path = Resources;
			sourceTree = "<group>";
		};
		F7ADB082237F3A9700DA4E89 = {
			isa = PBXGroup;
			children = (
				F7ADB08D237F3A9700DA4E89 /* Travel-App */,
				F7ADB08C237F3A9700DA4E89 /* Products */,
				024B4328CA0316027ACCF43C /* Pods */,
				C2D17BFE28A13407CD023D67 /* Frameworks */,
			);
			sourceTree = "<group>";
		};
		F7ADB08C237F3A9700DA4E89 /* Products */ = {
			isa = PBXGroup;
			children = (
				F7ADB08B237F3A9700DA4E89 /* Travel-App.app */,
			);
			name = Products;
			sourceTree = "<group>";
		};
		F7ADB08D237F3A9700DA4E89 /* Travel-App */ = {
			isa = PBXGroup;
			children = (
				F7ADB08E237F3A9700DA4E89 /* AppDelegate.swift */,
				F7ADB090237F3A9700DA4E89 /* AppTabBarController.swift */,
				F7ADB095237F3A9E00DA4E89 /* Assets.xcassets */,
				F798835B2381AEAE00F01F3A /* Scenes */,
				F77F22432392DB6A004610CE /* Utility */,
				F7ADB097237F3A9E00DA4E89 /* LaunchScreen.storyboard */,
				F7ADB09A237F3A9E00DA4E89 /* Info.plist */,
				F7C7A1AB238B369A00C33FE4 /* GoogleService-Info.plist */,
				F79FCA1E23846F69009F1693 /* Resources */,
				F71ACDE9238B41B60092279F /* Network */,
				F77F22412392DB3C004610CE /* Extension+UIViewController.swift */,
			);
			path = "Travel-App";
			sourceTree = "<group>";
		};
		F7B45FFD23890F22005CBEE4 /* Base */ = {
			isa = PBXGroup;
			children = (
				F761DFFA2381D04300D9DBBD /* View */,
				F761DFF92381D02800D9DBBD /* Presenter */,
			);
			path = Base;
			sourceTree = "<group>";
		};
		F7E180E0238DD68B00406EFC /* Models */ = {
			isa = PBXGroup;
			children = (
				F71ACDEA238B41E60092279F /* Place.swift */,
				F745760D238B480C00C5A1DE /* Category.swift */,
				3A3D2E63238EE4B500DD9876 /* PlaceDataHolder.swift */,
			);
			path = Models;
			sourceTree = "<group>";
		};
		F7E180E1238DD69500406EFC /* Handler */ = {
			isa = PBXGroup;
			children = (
				F7C7A1A9238B30CD00C33FE4 /* GoogleApiService.swift */,
			);
			path = Handler;
			sourceTree = "<group>";
		};
		F7F0C9C7238AED1A007EF5B4 /* Managers */ = {
			isa = PBXGroup;
			children = (
				F7570AA9238AECBA00621E4F /* LoactionManager.swift */,
			);
			path = Managers;
			sourceTree = "<group>";
		};
		F7F0C9C8238AED97007EF5B4 /* Configuration */ = {
			isa = PBXGroup;
			children = (
				F7570A9F238AE8F300621E4F /* Configuration.swift */,
			);
			path = Configuration;
			sourceTree = "<group>";
		};
/* End PBXGroup section */

/* Begin PBXNativeTarget section */
		F7ADB08A237F3A9700DA4E89 /* Travel-App */ = {
			isa = PBXNativeTarget;
			buildConfigurationList = F7ADB09D237F3A9E00DA4E89 /* Build configuration list for PBXNativeTarget "Travel-App" */;
			buildPhases = (
				E5B197197B7A56C2CC531A0B /* [CP] Check Pods Manifest.lock */,
				F7ADB087237F3A9700DA4E89 /* Sources */,
				F7ADB088237F3A9700DA4E89 /* Frameworks */,
				F7ADB089237F3A9700DA4E89 /* Resources */,
				A142FAFBC91AFE2469910C78 /* [CP] Copy Pods Resources */,
				E34BFE180396EC625AF4AD5B /* [CP] Embed Pods Frameworks */,
			);
			buildRules = (
			);
			dependencies = (
			);
			name = "Travel-App";
			productName = "Travel-App";
			productReference = F7ADB08B237F3A9700DA4E89 /* Travel-App.app */;
			productType = "com.apple.product-type.application";
		};
/* End PBXNativeTarget section */

/* Begin PBXProject section */
		F7ADB083237F3A9700DA4E89 /* Project object */ = {
			isa = PBXProject;
			attributes = {
				LastSwiftUpdateCheck = 1020;
				LastUpgradeCheck = 1020;
				ORGANIZATIONNAME = companyName;
				TargetAttributes = {
					F7ADB08A237F3A9700DA4E89 = {
						CreatedOnToolsVersion = 10.2;
					};
				};
			};
			buildConfigurationList = F7ADB086237F3A9700DA4E89 /* Build configuration list for PBXProject "Travel-App" */;
			compatibilityVersion = "Xcode 9.3";
			developmentRegion = en;
			hasScannedForEncodings = 0;
			knownRegions = (
				en,
				Base,
			);
			mainGroup = F7ADB082237F3A9700DA4E89;
			productRefGroup = F7ADB08C237F3A9700DA4E89 /* Products */;
			projectDirPath = "";
			projectRoot = "";
			targets = (
				F7ADB08A237F3A9700DA4E89 /* Travel-App */,
			);
		};
/* End PBXProject section */

/* Begin PBXResourcesBuildPhase section */
		F7ADB089237F3A9700DA4E89 /* Resources */ = {
			isa = PBXResourcesBuildPhase;
			buildActionMask = 2147483647;
			files = (
				F7CCB5C6238488D7004C4A35 /* Assets.xcassets in Resources */,
				F7ADB099237F3A9E00DA4E89 /* LaunchScreen.storyboard in Resources */,
				F7C7A1AC238B369A00C33FE4 /* GoogleService-Info.plist in Resources */,
				F79FCA2923847ED2009F1693 /* AvenirNextLTPro-UltLtCn.otf in Resources */,
				F79FCA2623847ED2009F1693 /* AvenirNextLTPro-Regular.otf in Resources */,
				F79FCA2723847ED2009F1693 /* AvenirNextLTPro-HeavyCn.otf in Resources */,
				F7B46001238919B6005CBEE4 /* PreferencesTour.storyboard in Resources */,
				F7932B672393A65C006E6496 /* InfoStoryboard.storyboard in Resources */,
				F79FCA2823847ED2009F1693 /* AvenirNextLTPro-Demi.otf in Resources */,
				F79FCA2123847D4E009F1693 /* AvenirNextLTPro-Bold.otf in Resources */,
			);
			runOnlyForDeploymentPostprocessing = 0;
		};
/* End PBXResourcesBuildPhase section */

/* Begin PBXShellScriptBuildPhase section */
		A142FAFBC91AFE2469910C78 /* [CP] Copy Pods Resources */ = {
			isa = PBXShellScriptBuildPhase;
			buildActionMask = 2147483647;
			files = (
			);
			inputFileListPaths = (
				"${PODS_ROOT}/Target Support Files/Pods-Travel-App/Pods-Travel-App-resources-${CONFIGURATION}-input-files.xcfilelist",
			);
			name = "[CP] Copy Pods Resources";
			outputFileListPaths = (
				"${PODS_ROOT}/Target Support Files/Pods-Travel-App/Pods-Travel-App-resources-${CONFIGURATION}-output-files.xcfilelist",
			);
			runOnlyForDeploymentPostprocessing = 0;
			shellPath = /bin/sh;
			shellScript = "\"${PODS_ROOT}/Target Support Files/Pods-Travel-App/Pods-Travel-App-resources.sh\"\n";
			showEnvVarsInLog = 0;
		};
		E34BFE180396EC625AF4AD5B /* [CP] Embed Pods Frameworks */ = {
			isa = PBXShellScriptBuildPhase;
			buildActionMask = 2147483647;
			files = (
			);
			inputFileListPaths = (
				"${PODS_ROOT}/Target Support Files/Pods-Travel-App/Pods-Travel-App-frameworks-${CONFIGURATION}-input-files.xcfilelist",
			);
			name = "[CP] Embed Pods Frameworks";
			outputFileListPaths = (
				"${PODS_ROOT}/Target Support Files/Pods-Travel-App/Pods-Travel-App-frameworks-${CONFIGURATION}-output-files.xcfilelist",
			);
			runOnlyForDeploymentPostprocessing = 0;
			shellPath = /bin/sh;
			shellScript = "\"${PODS_ROOT}/Target Support Files/Pods-Travel-App/Pods-Travel-App-frameworks.sh\"\n";
			showEnvVarsInLog = 0;
		};
		E5B197197B7A56C2CC531A0B /* [CP] Check Pods Manifest.lock */ = {
			isa = PBXShellScriptBuildPhase;
			buildActionMask = 2147483647;
			files = (
			);
			inputFileListPaths = (
			);
			inputPaths = (
				"${PODS_PODFILE_DIR_PATH}/Podfile.lock",
				"${PODS_ROOT}/Manifest.lock",
			);
			name = "[CP] Check Pods Manifest.lock";
			outputFileListPaths = (
			);
			outputPaths = (
				"$(DERIVED_FILE_DIR)/Pods-Travel-App-checkManifestLockResult.txt",
			);
			runOnlyForDeploymentPostprocessing = 0;
			shellPath = /bin/sh;
			shellScript = "diff \"${PODS_PODFILE_DIR_PATH}/Podfile.lock\" \"${PODS_ROOT}/Manifest.lock\" > /dev/null\nif [ $? != 0 ] ; then\n    # print error to STDERR\n    echo \"error: The sandbox is not in sync with the Podfile.lock. Run 'pod install' or update your CocoaPods installation.\" >&2\n    exit 1\nfi\n# This output is used by Xcode 'outputs' to avoid re-running this script phase.\necho \"SUCCESS\" > \"${SCRIPT_OUTPUT_FILE_0}\"\n";
			showEnvVarsInLog = 0;
		};
/* End PBXShellScriptBuildPhase section */

/* Begin PBXSourcesBuildPhase section */
		F7ADB087237F3A9700DA4E89 /* Sources */ = {
			isa = PBXSourcesBuildPhase;
			buildActionMask = 2147483647;
			files = (
				F7C7A1AA238B30CD00C33FE4 /* GoogleApiService.swift in Sources */,
				F798835F2381AF0E00F01F3A /* SearchViewProtocol.swift in Sources */,
				F79883792381C93E00F01F3A /* ProfileViewProtocol.swift in Sources */,
				F7ADB091237F3A9700DA4E89 /* AppTabBarController.swift in Sources */,
				F7932B692393A687006E6496 /* PlaceInfoViewController.swift in Sources */,
				F77F22422392DB3C004610CE /* Extension+UIViewController.swift in Sources */,
				F79883612381AF1900F01F3A /* SearchPresenter.swift in Sources */,
				F75EAD3A2392FED80001C457 /* CategoryFilterDelegate.swift in Sources */,
				F7932B652393A0E4006E6496 /* PlacePreviewDelegate.swift in Sources */,
				F798837D2381C95B00F01F3A /* ProfilePresenterProtocol.swift in Sources */,
				F761DFF62381CF9200D9DBBD /* SettingsPresenter.swift in Sources */,
				F7CA366923925DC9005F7C57 /* CategoryFilterCell.swift in Sources */,
				F7570AA0238AE8F300621E4F /* Configuration.swift in Sources */,
				F7570AA3238AEAA200621E4F /* Location.swift in Sources */,
				F79883682381B8F000F01F3A /* HomeViewController.swift in Sources */,
				F761DFF42381CF8500D9DBBD /* SettingsViewProtocol.swift in Sources */,
				F7B45FFF2389103F005CBEE4 /* PreferenceBoardViewController.swift in Sources */,
				F77F22462392E816004610CE /* Extension+CALayer.swift in Sources */,
				F798835A2381AE5E00F01F3A /* ViewFactory.swift in Sources */,
				F7CA366D23926116005F7C57 /* Label.swift in Sources */,
				F7F90D4623873FA600722F90 /* SettingTableViewCell.swift in Sources */,
				F761DFF22381CF7400D9DBBD /* SettingsViewController.swift in Sources */,
				F798835D2381AEF800F01F3A /* SearchViewController.swift in Sources */,
				F79883772381C92900F01F3A /* ProfileViewController.swift in Sources */,
				F7ADB08F237F3A9700DA4E89 /* AppDelegate.swift in Sources */,
				F7CA366723925B85005F7C57 /* CategoryFilter.swift in Sources */,
				F761DFF82381CFAD00D9DBBD /* SettingsPresenterProtocol.swift in Sources */,
				F71ACDEB238B41E60092279F /* Place.swift in Sources */,
				F798836A2381C4FA00F01F3A /* HomeViewProtocol.swift in Sources */,
				F7570AAA238AECBA00621E4F /* LoactionManager.swift in Sources */,
				F798837B2381C94C00F01F3A /* ProfilePresenter.swift in Sources */,
				F7E9DDE2238344CB000DE6F4 /* PlacePreview.swift in Sources */,
				F7570AA8238AEC9C00621E4F /* LocationService.swift in Sources */,
				3A3D2E64238EE4B500DD9876 /* PlaceDataHolder.swift in Sources */,
				F745760E238B480C00C5A1DE /* Category.swift in Sources */,
				F79883632381AF5000F01F3A /* SearchPresenterProtocol.swift in Sources */,
				F79883742381C6CB00F01F3A /* HomePresenterProtocol.swift in Sources */,
				F79883752381C6CB00F01F3A /* HomePresenter.swift in Sources */,
			);
			runOnlyForDeploymentPostprocessing = 0;
		};
/* End PBXSourcesBuildPhase section */

/* Begin PBXVariantGroup section */
		F7ADB097237F3A9E00DA4E89 /* LaunchScreen.storyboard */ = {
			isa = PBXVariantGroup;
			children = (
				F7ADB098237F3A9E00DA4E89 /* Base */,
			);
			name = LaunchScreen.storyboard;
			sourceTree = "<group>";
		};
/* End PBXVariantGroup section */

/* Begin XCBuildConfiguration section */
		F7ADB09B237F3A9E00DA4E89 /* Debug */ = {
			isa = XCBuildConfiguration;
			buildSettings = {
				ALWAYS_SEARCH_USER_PATHS = NO;
				CLANG_ANALYZER_NONNULL = YES;
				CLANG_ANALYZER_NUMBER_OBJECT_CONVERSION = YES_AGGRESSIVE;
				CLANG_CXX_LANGUAGE_STANDARD = "gnu++14";
				CLANG_CXX_LIBRARY = "libc++";
				CLANG_ENABLE_MODULES = YES;
				CLANG_ENABLE_OBJC_ARC = YES;
				CLANG_ENABLE_OBJC_WEAK = YES;
				CLANG_WARN_BLOCK_CAPTURE_AUTORELEASING = YES;
				CLANG_WARN_BOOL_CONVERSION = YES;
				CLANG_WARN_COMMA = YES;
				CLANG_WARN_CONSTANT_CONVERSION = YES;
				CLANG_WARN_DEPRECATED_OBJC_IMPLEMENTATIONS = YES;
				CLANG_WARN_DIRECT_OBJC_ISA_USAGE = YES_ERROR;
				CLANG_WARN_DOCUMENTATION_COMMENTS = YES;
				CLANG_WARN_EMPTY_BODY = YES;
				CLANG_WARN_ENUM_CONVERSION = YES;
				CLANG_WARN_INFINITE_RECURSION = YES;
				CLANG_WARN_INT_CONVERSION = YES;
				CLANG_WARN_NON_LITERAL_NULL_CONVERSION = YES;
				CLANG_WARN_OBJC_IMPLICIT_RETAIN_SELF = YES;
				CLANG_WARN_OBJC_LITERAL_CONVERSION = YES;
				CLANG_WARN_OBJC_ROOT_CLASS = YES_ERROR;
				CLANG_WARN_RANGE_LOOP_ANALYSIS = YES;
				CLANG_WARN_STRICT_PROTOTYPES = YES;
				CLANG_WARN_SUSPICIOUS_MOVE = YES;
				CLANG_WARN_UNGUARDED_AVAILABILITY = YES_AGGRESSIVE;
				CLANG_WARN_UNREACHABLE_CODE = YES;
				CLANG_WARN__DUPLICATE_METHOD_MATCH = YES;
				CODE_SIGN_IDENTITY = "iPhone Developer";
				COPY_PHASE_STRIP = NO;
				DEBUG_INFORMATION_FORMAT = dwarf;
				ENABLE_STRICT_OBJC_MSGSEND = YES;
				ENABLE_TESTABILITY = YES;
				GCC_C_LANGUAGE_STANDARD = gnu11;
				GCC_DYNAMIC_NO_PIC = NO;
				GCC_NO_COMMON_BLOCKS = YES;
				GCC_OPTIMIZATION_LEVEL = 0;
				GCC_PREPROCESSOR_DEFINITIONS = (
					"DEBUG=1",
					"$(inherited)",
				);
				GCC_WARN_64_TO_32_BIT_CONVERSION = YES;
				GCC_WARN_ABOUT_RETURN_TYPE = YES_ERROR;
				GCC_WARN_UNDECLARED_SELECTOR = YES;
				GCC_WARN_UNINITIALIZED_AUTOS = YES_AGGRESSIVE;
				GCC_WARN_UNUSED_FUNCTION = YES;
				GCC_WARN_UNUSED_VARIABLE = YES;
				IPHONEOS_DEPLOYMENT_TARGET = 11.0;
				MTL_ENABLE_DEBUG_INFO = INCLUDE_SOURCE;
				MTL_FAST_MATH = YES;
				ONLY_ACTIVE_ARCH = YES;
				SDKROOT = iphoneos;
				SWIFT_ACTIVE_COMPILATION_CONDITIONS = DEBUG;
				SWIFT_OPTIMIZATION_LEVEL = "-Onone";
			};
			name = Debug;
		};
		F7ADB09C237F3A9E00DA4E89 /* Release */ = {
			isa = XCBuildConfiguration;
			buildSettings = {
				ALWAYS_SEARCH_USER_PATHS = NO;
				CLANG_ANALYZER_NONNULL = YES;
				CLANG_ANALYZER_NUMBER_OBJECT_CONVERSION = YES_AGGRESSIVE;
				CLANG_CXX_LANGUAGE_STANDARD = "gnu++14";
				CLANG_CXX_LIBRARY = "libc++";
				CLANG_ENABLE_MODULES = YES;
				CLANG_ENABLE_OBJC_ARC = YES;
				CLANG_ENABLE_OBJC_WEAK = YES;
				CLANG_WARN_BLOCK_CAPTURE_AUTORELEASING = YES;
				CLANG_WARN_BOOL_CONVERSION = YES;
				CLANG_WARN_COMMA = YES;
				CLANG_WARN_CONSTANT_CONVERSION = YES;
				CLANG_WARN_DEPRECATED_OBJC_IMPLEMENTATIONS = YES;
				CLANG_WARN_DIRECT_OBJC_ISA_USAGE = YES_ERROR;
				CLANG_WARN_DOCUMENTATION_COMMENTS = YES;
				CLANG_WARN_EMPTY_BODY = YES;
				CLANG_WARN_ENUM_CONVERSION = YES;
				CLANG_WARN_INFINITE_RECURSION = YES;
				CLANG_WARN_INT_CONVERSION = YES;
				CLANG_WARN_NON_LITERAL_NULL_CONVERSION = YES;
				CLANG_WARN_OBJC_IMPLICIT_RETAIN_SELF = YES;
				CLANG_WARN_OBJC_LITERAL_CONVERSION = YES;
				CLANG_WARN_OBJC_ROOT_CLASS = YES_ERROR;
				CLANG_WARN_RANGE_LOOP_ANALYSIS = YES;
				CLANG_WARN_STRICT_PROTOTYPES = YES;
				CLANG_WARN_SUSPICIOUS_MOVE = YES;
				CLANG_WARN_UNGUARDED_AVAILABILITY = YES_AGGRESSIVE;
				CLANG_WARN_UNREACHABLE_CODE = YES;
				CLANG_WARN__DUPLICATE_METHOD_MATCH = YES;
				CODE_SIGN_IDENTITY = "iPhone Developer";
				COPY_PHASE_STRIP = NO;
				DEBUG_INFORMATION_FORMAT = "dwarf-with-dsym";
				ENABLE_NS_ASSERTIONS = NO;
				ENABLE_STRICT_OBJC_MSGSEND = YES;
				GCC_C_LANGUAGE_STANDARD = gnu11;
				GCC_NO_COMMON_BLOCKS = YES;
				GCC_WARN_64_TO_32_BIT_CONVERSION = YES;
				GCC_WARN_ABOUT_RETURN_TYPE = YES_ERROR;
				GCC_WARN_UNDECLARED_SELECTOR = YES;
				GCC_WARN_UNINITIALIZED_AUTOS = YES_AGGRESSIVE;
				GCC_WARN_UNUSED_FUNCTION = YES;
				GCC_WARN_UNUSED_VARIABLE = YES;
				IPHONEOS_DEPLOYMENT_TARGET = 11.0;
				MTL_ENABLE_DEBUG_INFO = NO;
				MTL_FAST_MATH = YES;
				SDKROOT = iphoneos;
				SWIFT_COMPILATION_MODE = wholemodule;
				SWIFT_OPTIMIZATION_LEVEL = "-O";
				VALIDATE_PRODUCT = YES;
			};
			name = Release;
		};
		F7ADB09E237F3A9E00DA4E89 /* Debug */ = {
			isa = XCBuildConfiguration;
			baseConfigurationReference = C61D44D03DA574807B86294F /* Pods-Travel-App.debug.xcconfig */;
			buildSettings = {
				ASSETCATALOG_COMPILER_APPICON_NAME = AppIcon;
				CODE_SIGN_STYLE = Automatic;
				DEVELOPMENT_TEAM = KHN7WQWRV9;
				INFOPLIST_FILE = "Travel-App/Info.plist";
				LD_RUNPATH_SEARCH_PATHS = (
					"$(inherited)",
					"@executable_path/Frameworks",
				);
				PRODUCT_BUNDLE_IDENTIFIER = "com.Company-name.Travel-App";
				PRODUCT_NAME = "$(TARGET_NAME)";
				SWIFT_VERSION = 5.0;
				TARGETED_DEVICE_FAMILY = 1;
			};
			name = Debug;
		};
		F7ADB09F237F3A9E00DA4E89 /* Release */ = {
			isa = XCBuildConfiguration;
			baseConfigurationReference = 666AAB4DC0E5FE91DDA1E761 /* Pods-Travel-App.release.xcconfig */;
			buildSettings = {
				ASSETCATALOG_COMPILER_APPICON_NAME = AppIcon;
				CODE_SIGN_STYLE = Automatic;
				DEVELOPMENT_TEAM = KHN7WQWRV9;
				INFOPLIST_FILE = "Travel-App/Info.plist";
				LD_RUNPATH_SEARCH_PATHS = (
					"$(inherited)",
					"@executable_path/Frameworks",
				);
				PRODUCT_BUNDLE_IDENTIFIER = "com.Company-name.Travel-App";
				PRODUCT_NAME = "$(TARGET_NAME)";
				SWIFT_VERSION = 5.0;
				TARGETED_DEVICE_FAMILY = 1;
			};
			name = Release;
		};
/* End XCBuildConfiguration section */

/* Begin XCConfigurationList section */
		F7ADB086237F3A9700DA4E89 /* Build configuration list for PBXProject "Travel-App" */ = {
			isa = XCConfigurationList;
			buildConfigurations = (
				F7ADB09B237F3A9E00DA4E89 /* Debug */,
				F7ADB09C237F3A9E00DA4E89 /* Release */,
			);
			defaultConfigurationIsVisible = 0;
			defaultConfigurationName = Release;
		};
		F7ADB09D237F3A9E00DA4E89 /* Build configuration list for PBXNativeTarget "Travel-App" */ = {
			isa = XCConfigurationList;
			buildConfigurations = (
				F7ADB09E237F3A9E00DA4E89 /* Debug */,
				F7ADB09F237F3A9E00DA4E89 /* Release */,
			);
			defaultConfigurationIsVisible = 0;
			defaultConfigurationName = Release;
		};
/* End XCConfigurationList section */
	};
	rootObject = F7ADB083237F3A9700DA4E89 /* Project object */;
}
