// !$*UTF8*$!
{
	archiveVersion = 1;
	classes = {
	};
	objectVersion = 51;
	objects = {

/* Begin PBXBuildFile section */
		11B784B2C09A53B150857439 /* Pods_Travel_App.framework in Frameworks */ = {isa = PBXBuildFile; fileRef = 0F350D02DA253368C52FABF1 /* Pods_Travel_App.framework */; };
		3A3A3814239A74B9001FE150 /* CategoryPreference.swift in Sources */ = {isa = PBXBuildFile; fileRef = 3A3A3813239A74B9001FE150 /* CategoryPreference.swift */; };
		3A3D2E64238EE4B500DD9876 /* PlaceDataHolder.swift in Sources */ = {isa = PBXBuildFile; fileRef = 3A3D2E63238EE4B500DD9876 /* PlaceDataHolder.swift */; };
		3A3E631423ED352400BE2F34 /* AudioPlayerView.swift in Sources */ = {isa = PBXBuildFile; fileRef = 3A3E631323ED352400BE2F34 /* AudioPlayerView.swift */; };
		3A3E631623ED359800BE2F34 /* AudioPlayerView.xib in Resources */ = {isa = PBXBuildFile; fileRef = 3A3E631523ED359800BE2F34 /* AudioPlayerView.xib */; };
		3A4EE37623E2C38500673BB4 /* UITextField+Extension.swift in Sources */ = {isa = PBXBuildFile; fileRef = 3A4EE37523E2C38500673BB4 /* UITextField+Extension.swift */; };
		3A4EE37823E2CF5C00673BB4 /* PlaceCategory.swift in Sources */ = {isa = PBXBuildFile; fileRef = 3A4EE37723E2CF5C00673BB4 /* PlaceCategory.swift */; };
		3A4EE37A23E2E58B00673BB4 /* CategoriesFilterView.swift in Sources */ = {isa = PBXBuildFile; fileRef = 3A4EE37923E2E58B00673BB4 /* CategoriesFilterView.swift */; };
		3A4EE37C23E2E5D000673BB4 /* CategoriesFilterView.xib in Resources */ = {isa = PBXBuildFile; fileRef = 3A4EE37B23E2E5CF00673BB4 /* CategoriesFilterView.xib */; };
		F700442923A17C9C00D7E59F /* Profile.storyboard in Resources */ = {isa = PBXBuildFile; fileRef = F700442823A17C9C00D7E59F /* Profile.storyboard */; };
		F700442B23A194C300D7E59F /* AuthViewController.swift in Sources */ = {isa = PBXBuildFile; fileRef = F700442A23A194C300D7E59F /* AuthViewController.swift */; };
		F704B3F823B7F4B00090DD6F /* PlacesCollectionView.swift in Sources */ = {isa = PBXBuildFile; fileRef = F704B3F723B7F4B00090DD6F /* PlacesCollectionView.swift */; };
		F704B3FA23B7F7340090DD6F /* PlacesCollectionView.xib in Resources */ = {isa = PBXBuildFile; fileRef = F704B3F923B7F7340090DD6F /* PlacesCollectionView.xib */; };
		F704B3FC23B889AF0090DD6F /* CarouselFlowLayout.swift in Sources */ = {isa = PBXBuildFile; fileRef = F704B3FB23B889AF0090DD6F /* CarouselFlowLayout.swift */; };
		F705253423B4105300E05528 /* OptionFilterSelection.swift in Sources */ = {isa = PBXBuildFile; fileRef = F705253323B4105300E05528 /* OptionFilterSelection.swift */; };
		F70DB818239B169B00D48EC6 /* SettingOptionTableViewCell.swift in Sources */ = {isa = PBXBuildFile; fileRef = F70DB816239B169B00D48EC6 /* SettingOptionTableViewCell.swift */; };
		F70DB819239B169B00D48EC6 /* SettingOptionTableViewCell.xib in Resources */ = {isa = PBXBuildFile; fileRef = F70DB817239B169B00D48EC6 /* SettingOptionTableViewCell.xib */; };
		F71ACDEB238B41E60092279F /* PlaceData.swift in Sources */ = {isa = PBXBuildFile; fileRef = F71ACDEA238B41E60092279F /* PlaceData.swift */; };
		F72B7C1223A6CCD9009155D4 /* OptionFilter.swift in Sources */ = {isa = PBXBuildFile; fileRef = F72B7C1123A6CCD9009155D4 /* OptionFilter.swift */; };
		F72B7C1423A6CD39009155D4 /* OptionFilterDelegate.swift in Sources */ = {isa = PBXBuildFile; fileRef = F72B7C1323A6CD39009155D4 /* OptionFilterDelegate.swift */; };
		F72B7C1623A6D6AE009155D4 /* UIButton+Extension.swift in Sources */ = {isa = PBXBuildFile; fileRef = F72B7C1523A6D6AE009155D4 /* UIButton+Extension.swift */; };
		F72EFE42239EF16D008081E1 /* TourInfoViewController.swift in Sources */ = {isa = PBXBuildFile; fileRef = F72EFE41239EF16D008081E1 /* TourInfoViewController.swift */; };
		F72EFE44239EF618008081E1 /* TourInfoView.swift in Sources */ = {isa = PBXBuildFile; fileRef = F72EFE43239EF618008081E1 /* TourInfoView.swift */; };
		F72EFE49239EF62C008081E1 /* TourInfoView.xib in Resources */ = {isa = PBXBuildFile; fileRef = F72EFE45239EF62B008081E1 /* TourInfoView.xib */; };
		F735911223F00D9200204703 /* PreferenceBoardPresenter.swift in Sources */ = {isa = PBXBuildFile; fileRef = F735911123F00D9200204703 /* PreferenceBoardPresenter.swift */; };
		F735911523F00DDA00204703 /* PreferenceBoardPresenterProtocol.swift in Sources */ = {isa = PBXBuildFile; fileRef = F735911423F00DDA00204703 /* PreferenceBoardPresenterProtocol.swift */; };
		F735911723F00EF100204703 /* PreferenceBoardViewProtocol.swift in Sources */ = {isa = PBXBuildFile; fileRef = F735911623F00EF100204703 /* PreferenceBoardViewProtocol.swift */; };
		F73E166C23E0CC6D0001AB56 /* PlaceTableViewCell.swift in Sources */ = {isa = PBXBuildFile; fileRef = F73E166A23E0CC6D0001AB56 /* PlaceTableViewCell.swift */; };
		F73E166D23E0CC6D0001AB56 /* PlaceTableViewCell.xib in Resources */ = {isa = PBXBuildFile; fileRef = F73E166B23E0CC6D0001AB56 /* PlaceTableViewCell.xib */; };
		F73E166F23E0CFE70001AB56 /* SelfSizedTableView.swift in Sources */ = {isa = PBXBuildFile; fileRef = F73E166E23E0CFE70001AB56 /* SelfSizedTableView.swift */; };
		F73E167123E355860001AB56 /* AttributedStringHelper.swift in Sources */ = {isa = PBXBuildFile; fileRef = F73E167023E355860001AB56 /* AttributedStringHelper.swift */; };
		F745760E238B480C00C5A1DE /* Category.swift in Sources */ = {isa = PBXBuildFile; fileRef = F745760D238B480C00C5A1DE /* Category.swift */; };
		F7570AA0238AE8F300621E4F /* Configuration.swift in Sources */ = {isa = PBXBuildFile; fileRef = F7570A9F238AE8F300621E4F /* Configuration.swift */; };
		F7570AA3238AEAA200621E4F /* Location.swift in Sources */ = {isa = PBXBuildFile; fileRef = F7570AA2238AEAA200621E4F /* Location.swift */; };
		F7570AA8238AEC9C00621E4F /* LocationService.swift in Sources */ = {isa = PBXBuildFile; fileRef = F7570AA7238AEC9C00621E4F /* LocationService.swift */; };
		F7570AAA238AECBA00621E4F /* LoactionManager.swift in Sources */ = {isa = PBXBuildFile; fileRef = F7570AA9238AECBA00621E4F /* LoactionManager.swift */; };
		F75EAD3A2392FED80001C457 /* CategoryFilterDelegate.swift in Sources */ = {isa = PBXBuildFile; fileRef = F75EAD392392FED80001C457 /* CategoryFilterDelegate.swift */; };
		F761DFF22381CF7400D9DBBD /* SettingsViewController.swift in Sources */ = {isa = PBXBuildFile; fileRef = F761DFF12381CF7400D9DBBD /* SettingsViewController.swift */; };
		F761DFF42381CF8500D9DBBD /* SettingsViewProtocol.swift in Sources */ = {isa = PBXBuildFile; fileRef = F761DFF32381CF8500D9DBBD /* SettingsViewProtocol.swift */; };
		F761DFF62381CF9200D9DBBD /* SettingsPresenter.swift in Sources */ = {isa = PBXBuildFile; fileRef = F761DFF52381CF9200D9DBBD /* SettingsPresenter.swift */; };
		F761DFF82381CFAD00D9DBBD /* SettingsPresenterProtocol.swift in Sources */ = {isa = PBXBuildFile; fileRef = F761DFF72381CFAD00D9DBBD /* SettingsPresenterProtocol.swift */; };
		F76BF7F323EC808A00F92C27 /* FacebookButton.swift in Sources */ = {isa = PBXBuildFile; fileRef = F76BF7F223EC808A00F92C27 /* FacebookButton.swift */; };
		F77879F023C79C2C002F2052 /* GeocodeType.swift in Sources */ = {isa = PBXBuildFile; fileRef = F77879EF23C79C2C002F2052 /* GeocodeType.swift */; };
		F77879F223C7D38E002F2052 /* Loader.swift in Sources */ = {isa = PBXBuildFile; fileRef = F77879F123C7D38E002F2052 /* Loader.swift */; };
		F77879F523C7D4D2002F2052 /* CentralCircleLoader.json in Resources */ = {isa = PBXBuildFile; fileRef = F77879F423C7D4D2002F2052 /* CentralCircleLoader.json */; };
		F77879F723C7DA01002F2052 /* circleLoader.json in Resources */ = {isa = PBXBuildFile; fileRef = F77879F623C7DA00002F2052 /* circleLoader.json */; };
		F77C178E23AACAE1009D2D69 /* Authorisation.storyboard in Resources */ = {isa = PBXBuildFile; fileRef = F77C178D23AACAE1009D2D69 /* Authorisation.storyboard */; };
		F77C179023AAD216009D2D69 /* CustomTextField.swift in Sources */ = {isa = PBXBuildFile; fileRef = F77C178F23AAD216009D2D69 /* CustomTextField.swift */; };
		F77C179223AAD3C4009D2D69 /* UIViewController+Extension.swift in Sources */ = {isa = PBXBuildFile; fileRef = F77C179123AAD3C4009D2D69 /* UIViewController+Extension.swift */; };
		F77D500C23C102DE00E89E67 /* FirebaseAuthManager.swift in Sources */ = {isa = PBXBuildFile; fileRef = F77D500B23C102DE00E89E67 /* FirebaseAuthManager.swift */; };
		F77D500E23C139D000E89E67 /* RegistrationViewController.swift in Sources */ = {isa = PBXBuildFile; fileRef = F77D500D23C139D000E89E67 /* RegistrationViewController.swift */; };
		F77D501323C1F08100E89E67 /* Utilities.swift in Sources */ = {isa = PBXBuildFile; fileRef = F77D501123C1F08100E89E67 /* Utilities.swift */; };
		F77D501523C3D0C800E89E67 /* UserDefaultsManager.swift in Sources */ = {isa = PBXBuildFile; fileRef = F77D501423C3D0C700E89E67 /* UserDefaultsManager.swift */; };
		F77D501823C3D1BE00E89E67 /* SplashScreenViewController.swift in Sources */ = {isa = PBXBuildFile; fileRef = F77D501623C3D1BE00E89E67 /* SplashScreenViewController.swift */; };
		F77D501923C3D1BE00E89E67 /* SplashScreenViewController.xib in Resources */ = {isa = PBXBuildFile; fileRef = F77D501723C3D1BE00E89E67 /* SplashScreenViewController.xib */; };
		F77F22462392E816004610CE /* Extension+CALayer.swift in Sources */ = {isa = PBXBuildFile; fileRef = F77F22452392E816004610CE /* Extension+CALayer.swift */; };
		F780A4C523C3DBB300A9A375 /* SplashScreenPresenter.swift in Sources */ = {isa = PBXBuildFile; fileRef = F780A4C423C3DBB300A9A375 /* SplashScreenPresenter.swift */; };
		F780A4C723C3DFF600A9A375 /* AuthStatus.swift in Sources */ = {isa = PBXBuildFile; fileRef = F780A4C623C3DFF600A9A375 /* AuthStatus.swift */; };
		F780A4CB23C4F4EB00A9A375 /* FirebaseProfileManager.swift in Sources */ = {isa = PBXBuildFile; fileRef = F780A4CA23C4F4EB00A9A375 /* FirebaseProfileManager.swift */; };
		F780A4CD23C4F5C200A9A375 /* UserProfile.swift in Sources */ = {isa = PBXBuildFile; fileRef = F780A4CC23C4F5C200A9A375 /* UserProfile.swift */; };
		F780CE6323A2F91200E8E248 /* ProfileOptionViewCell.swift in Sources */ = {isa = PBXBuildFile; fileRef = F780CE6123A2F91200E8E248 /* ProfileOptionViewCell.swift */; };
		F780CE6423A2F91200E8E248 /* ProfileOptionViewCell.xib in Resources */ = {isa = PBXBuildFile; fileRef = F780CE6223A2F91200E8E248 /* ProfileOptionViewCell.xib */; };
		F780CE6723A2FDAD00E8E248 /* RecentPlacesTableViewCell.swift in Sources */ = {isa = PBXBuildFile; fileRef = F780CE6523A2FDAC00E8E248 /* RecentPlacesTableViewCell.swift */; };
		F780CE6823A2FDAD00E8E248 /* RecentPlacesTableViewCell.xib in Resources */ = {isa = PBXBuildFile; fileRef = F780CE6623A2FDAC00E8E248 /* RecentPlacesTableViewCell.xib */; };
		F780CE6B23A315F100E8E248 /* RecentPlaceCollectionViewCell.swift in Sources */ = {isa = PBXBuildFile; fileRef = F780CE6923A315F100E8E248 /* RecentPlaceCollectionViewCell.swift */; };
		F780CE6C23A315F200E8E248 /* RecentPlaceCollectionViewCell.xib in Resources */ = {isa = PBXBuildFile; fileRef = F780CE6A23A315F100E8E248 /* RecentPlaceCollectionViewCell.xib */; };
		F7842A4023B8C3CC009F692A /* PlaceCardModel.swift in Sources */ = {isa = PBXBuildFile; fileRef = F7842A3F23B8C3CC009F692A /* PlaceCardModel.swift */; };
		F790825123A83AB700056228 /* OptionFilterTableViewCell.swift in Sources */ = {isa = PBXBuildFile; fileRef = F790824F23A83AB700056228 /* OptionFilterTableViewCell.swift */; };
		F790825223A83AB700056228 /* OptionFilterTableViewCell.xib in Resources */ = {isa = PBXBuildFile; fileRef = F790825023A83AB700056228 /* OptionFilterTableViewCell.xib */; };
		F7932B652393A0E4006E6496 /* PlacePreviewDelegate.swift in Sources */ = {isa = PBXBuildFile; fileRef = F7932B642393A0E4006E6496 /* PlacePreviewDelegate.swift */; };
		F7932B672393A65C006E6496 /* InfoStoryboard.storyboard in Resources */ = {isa = PBXBuildFile; fileRef = F7932B662393A65C006E6496 /* InfoStoryboard.storyboard */; };
		F7932B692393A687006E6496 /* PlaceInfoViewController.swift in Sources */ = {isa = PBXBuildFile; fileRef = F7932B682393A687006E6496 /* PlaceInfoViewController.swift */; };
		F79754E923EF489C00306220 /* CategoryFilterViewCell.swift in Sources */ = {isa = PBXBuildFile; fileRef = F79754E723EF489C00306220 /* CategoryFilterViewCell.swift */; };
		F79754EA23EF489C00306220 /* CategoryFilterViewCell.xib in Resources */ = {isa = PBXBuildFile; fileRef = F79754E823EF489C00306220 /* CategoryFilterViewCell.xib */; };
		F798835A2381AE5E00F01F3A /* ViewFactory.swift in Sources */ = {isa = PBXBuildFile; fileRef = F79883592381AE5E00F01F3A /* ViewFactory.swift */; };
		F798835D2381AEF800F01F3A /* SearchViewController.swift in Sources */ = {isa = PBXBuildFile; fileRef = F798835C2381AEF800F01F3A /* SearchViewController.swift */; };
		F798835F2381AF0E00F01F3A /* SearchViewProtocol.swift in Sources */ = {isa = PBXBuildFile; fileRef = F798835E2381AF0E00F01F3A /* SearchViewProtocol.swift */; };
		F79883612381AF1900F01F3A /* SearchPresenter.swift in Sources */ = {isa = PBXBuildFile; fileRef = F79883602381AF1900F01F3A /* SearchPresenter.swift */; };
		F79883632381AF5000F01F3A /* SearchPresenterProtocol.swift in Sources */ = {isa = PBXBuildFile; fileRef = F79883622381AF5000F01F3A /* SearchPresenterProtocol.swift */; };
		F798836A2381C4FA00F01F3A /* HomeViewProtocol.swift in Sources */ = {isa = PBXBuildFile; fileRef = F79883692381C4FA00F01F3A /* HomeViewProtocol.swift */; };
		F79883742381C6CB00F01F3A /* HomePresenterProtocol.swift in Sources */ = {isa = PBXBuildFile; fileRef = F79883722381C6CB00F01F3A /* HomePresenterProtocol.swift */; };
		F79883752381C6CB00F01F3A /* HomePresenter.swift in Sources */ = {isa = PBXBuildFile; fileRef = F79883732381C6CB00F01F3A /* HomePresenter.swift */; };
		F799F5E123D4CD7500106B7E /* HomeViewController.swift in Sources */ = {isa = PBXBuildFile; fileRef = F799F5DF23D4CD7500106B7E /* HomeViewController.swift */; };
		F799F5E223D4CD7500106B7E /* HomeViewController.xib in Resources */ = {isa = PBXBuildFile; fileRef = F799F5E023D4CD7500106B7E /* HomeViewController.xib */; };
		F79B3873239C13630032F598 /* ToursManager.swift in Sources */ = {isa = PBXBuildFile; fileRef = F79B3872239C13620032F598 /* ToursManager.swift */; };
		F79B3878239C60400032F598 /* NavigationController.swift in Sources */ = {isa = PBXBuildFile; fileRef = F79B3877239C60400032F598 /* NavigationController.swift */; };
		F79B387A239C6A3C0032F598 /* TourHederView.swift in Sources */ = {isa = PBXBuildFile; fileRef = F79B3879239C6A3C0032F598 /* TourHederView.swift */; };
		F79B387C239D1E4B0032F598 /* NetworkProvider.swift in Sources */ = {isa = PBXBuildFile; fileRef = F79B387B239D1E4B0032F598 /* NetworkProvider.swift */; };
		F79B3880239D22370032F598 /* PlaceManager.swift in Sources */ = {isa = PBXBuildFile; fileRef = F79B387F239D22370032F598 /* PlaceManager.swift */; };
		F79FCA2123847D4E009F1693 /* AvenirNextLTPro-Bold.otf in Resources */ = {isa = PBXBuildFile; fileRef = F79FCA2023847D4E009F1693 /* AvenirNextLTPro-Bold.otf */; };
		F79FCA2623847ED2009F1693 /* AvenirNextLTPro-Regular.otf in Resources */ = {isa = PBXBuildFile; fileRef = F79FCA2223847ED2009F1693 /* AvenirNextLTPro-Regular.otf */; };
		F79FCA2723847ED2009F1693 /* AvenirNextLTPro-HeavyCn.otf in Resources */ = {isa = PBXBuildFile; fileRef = F79FCA2323847ED2009F1693 /* AvenirNextLTPro-HeavyCn.otf */; };
		F79FCA2823847ED2009F1693 /* AvenirNextLTPro-Demi.otf in Resources */ = {isa = PBXBuildFile; fileRef = F79FCA2423847ED2009F1693 /* AvenirNextLTPro-Demi.otf */; };
		F79FCA2923847ED2009F1693 /* AvenirNextLTPro-UltLtCn.otf in Resources */ = {isa = PBXBuildFile; fileRef = F79FCA2523847ED2009F1693 /* AvenirNextLTPro-UltLtCn.otf */; };
		F7AC996623EE005A0046E2B3 /* SpringboardData.swift in Sources */ = {isa = PBXBuildFile; fileRef = F7AC996523EE005A0046E2B3 /* SpringboardData.swift */; };
		F7AC996823EE00DB0046E2B3 /* TPGAudioPlayer.swift in Sources */ = {isa = PBXBuildFile; fileRef = F7AC996723EE00DA0046E2B3 /* TPGAudioPlayer.swift */; };
		F7AC996A23EE01880046E2B3 /* Notifications.swift in Sources */ = {isa = PBXBuildFile; fileRef = F7AC996923EE01880046E2B3 /* Notifications.swift */; };
		F7ADAA6823CB2156009ECAEE /* AgreementViewController.swift in Sources */ = {isa = PBXBuildFile; fileRef = F7ADAA6623CB2155009ECAEE /* AgreementViewController.swift */; };
		F7ADAA6923CB2156009ECAEE /* AgreementViewController.xib in Resources */ = {isa = PBXBuildFile; fileRef = F7ADAA6723CB2156009ECAEE /* AgreementViewController.xib */; };
		F7ADAA6B23CB681F009ECAEE /* CustomSlider.swift in Sources */ = {isa = PBXBuildFile; fileRef = F7ADAA6A23CB681F009ECAEE /* CustomSlider.swift */; };
		F7ADAA6D23D09B81009ECAEE /* UIView+Extension.swift in Sources */ = {isa = PBXBuildFile; fileRef = F7ADAA6C23D09B81009ECAEE /* UIView+Extension.swift */; };
		F7ADAA6F23D0D866009ECAEE /* AgreementType.swift in Sources */ = {isa = PBXBuildFile; fileRef = F7ADAA6E23D0D866009ECAEE /* AgreementType.swift */; };
		F7ADAA7123D460CE009ECAEE /* AgreementDelegate.swift in Sources */ = {isa = PBXBuildFile; fileRef = F7ADAA7023D460CD009ECAEE /* AgreementDelegate.swift */; };
		F7ADB08F237F3A9700DA4E89 /* AppDelegate.swift in Sources */ = {isa = PBXBuildFile; fileRef = F7ADB08E237F3A9700DA4E89 /* AppDelegate.swift */; };
		F7ADB091237F3A9700DA4E89 /* AppTabBarController.swift in Sources */ = {isa = PBXBuildFile; fileRef = F7ADB090237F3A9700DA4E89 /* AppTabBarController.swift */; };
		F7ADB099237F3A9E00DA4E89 /* LaunchScreen.storyboard in Resources */ = {isa = PBXBuildFile; fileRef = F7ADB097237F3A9E00DA4E89 /* LaunchScreen.storyboard */; };
		F7B45FFF2389103F005CBEE4 /* PreferenceBoardViewController.swift in Sources */ = {isa = PBXBuildFile; fileRef = F7B45FFE2389103F005CBEE4 /* PreferenceBoardViewController.swift */; };
		F7C7A1AA238B30CD00C33FE4 /* GoogleApiService.swift in Sources */ = {isa = PBXBuildFile; fileRef = F7C7A1A9238B30CD00C33FE4 /* GoogleApiService.swift */; };
		F7C7A1AC238B369A00C33FE4 /* GoogleService-Info.plist in Resources */ = {isa = PBXBuildFile; fileRef = F7C7A1AB238B369A00C33FE4 /* GoogleService-Info.plist */; };
		F7CA366723925B85005F7C57 /* CategoryFilter.swift in Sources */ = {isa = PBXBuildFile; fileRef = F7CA366623925B84005F7C57 /* CategoryFilter.swift */; };
		F7CA366923925DC9005F7C57 /* CategoryFilterCell.swift in Sources */ = {isa = PBXBuildFile; fileRef = F7CA366823925DC9005F7C57 /* CategoryFilterCell.swift */; };
		F7CA366D23926116005F7C57 /* Label.swift in Sources */ = {isa = PBXBuildFile; fileRef = F7CA366C23926116005F7C57 /* Label.swift */; };
		F7CCB5C6238488D7004C4A35 /* Assets.xcassets in Resources */ = {isa = PBXBuildFile; fileRef = F7ADB095237F3A9E00DA4E89 /* Assets.xcassets */; };
		F7CF8D312396FF2100119B60 /* InterestsCollectionViewCell.swift in Sources */ = {isa = PBXBuildFile; fileRef = F7CF8D2F2396FF2100119B60 /* InterestsCollectionViewCell.swift */; };
		F7CF8D322396FF2100119B60 /* InterestsCollectionViewCell.xib in Resources */ = {isa = PBXBuildFile; fileRef = F7CF8D302396FF2100119B60 /* InterestsCollectionViewCell.xib */; };
		F7CF8D352399A46300119B60 /* SettingOptionCollectionViewCell.swift in Sources */ = {isa = PBXBuildFile; fileRef = F7CF8D332399A46300119B60 /* SettingOptionCollectionViewCell.swift */; };
		F7CF8D362399A46300119B60 /* SettingOptionCollectionViewCell.xib in Resources */ = {isa = PBXBuildFile; fileRef = F7CF8D342399A46300119B60 /* SettingOptionCollectionViewCell.xib */; };
		F7CF8D39239AE39600119B60 /* InterestsTableCell.swift in Sources */ = {isa = PBXBuildFile; fileRef = F7CF8D37239AE39600119B60 /* InterestsTableCell.swift */; };
		F7CF8D3A239AE39600119B60 /* InterestsTableCell.xib in Resources */ = {isa = PBXBuildFile; fileRef = F7CF8D38239AE39600119B60 /* InterestsTableCell.xib */; };
		F7CFD009239BC76400983631 /* AppButton.swift in Sources */ = {isa = PBXBuildFile; fileRef = F70DB813239AFB7500D48EC6 /* AppButton.swift */; };
		F7CFD011239BCC5600983631 /* ProfilePresenterProtocol.swift in Sources */ = {isa = PBXBuildFile; fileRef = F7CFD010239BCC5600983631 /* ProfilePresenterProtocol.swift */; };
		F7CFD013239BCC8800983631 /* ProfileViewProtocol.swift in Sources */ = {isa = PBXBuildFile; fileRef = F7CFD012239BCC8800983631 /* ProfileViewProtocol.swift */; };
		F7CFD015239BCCD600983631 /* ProfileViewController.swift in Sources */ = {isa = PBXBuildFile; fileRef = F7CFD014239BCCD600983631 /* ProfileViewController.swift */; };
		F7CFD017239BCD6600983631 /* ProfilePresenter.swift in Sources */ = {isa = PBXBuildFile; fileRef = F7CFD016239BCD6600983631 /* ProfilePresenter.swift */; };
		F7CFD01C239BD3BB00983631 /* TourTableViewCell.swift in Sources */ = {isa = PBXBuildFile; fileRef = F7CFD01A239BD3BB00983631 /* TourTableViewCell.swift */; };
		F7CFD01D239BD3BB00983631 /* TourTableViewCell.xib in Resources */ = {isa = PBXBuildFile; fileRef = F7CFD01B239BD3BB00983631 /* TourTableViewCell.xib */; };
		F7CFD020239BE3A800983631 /* Tour.swift in Sources */ = {isa = PBXBuildFile; fileRef = F7CFD01F239BE3A800983631 /* Tour.swift */; };
		F7DFCE3523C662B5002A95C7 /* SettingTableViewCell.swift in Sources */ = {isa = PBXBuildFile; fileRef = F7DFCE3323C662B5002A95C7 /* SettingTableViewCell.swift */; };
		F7DFCE3623C662B5002A95C7 /* SettingTableViewCell.xib in Resources */ = {isa = PBXBuildFile; fileRef = F7DFCE3423C662B5002A95C7 /* SettingTableViewCell.xib */; };
		F7E9DDE2238344CB000DE6F4 /* PlacePreview.swift in Sources */ = {isa = PBXBuildFile; fileRef = F7E9DDE1238344CB000DE6F4 /* PlacePreview.swift */; };
		F7EF6918239BA4AA0004EF4E /* PreferenceOptionDelegate.swift in Sources */ = {isa = PBXBuildFile; fileRef = F7EF6917239BA4AA0004EF4E /* PreferenceOptionDelegate.swift */; };
		F7EF691A239BBE930004EF4E /* ToursViewController.swift in Sources */ = {isa = PBXBuildFile; fileRef = F7EF6919239BBE930004EF4E /* ToursViewController.swift */; };
		F7EF691D239BC0CA0004EF4E /* ToursViewProtocol.swift in Sources */ = {isa = PBXBuildFile; fileRef = F7EF691C239BC0CA0004EF4E /* ToursViewProtocol.swift */; };
		F7EF691F239BC1230004EF4E /* ToursPresenter.swift in Sources */ = {isa = PBXBuildFile; fileRef = F7EF691E239BC1230004EF4E /* ToursPresenter.swift */; };
		F7EF6921239BC1310004EF4E /* ToursPresenterProtocol.swift in Sources */ = {isa = PBXBuildFile; fileRef = F7EF6920239BC1310004EF4E /* ToursPresenterProtocol.swift */; };
/* End PBXBuildFile section */

/* Begin PBXContainerItemProxy section */
		F7AC996123EDFFD10046E2B3 /* PBXContainerItemProxy */ = {
			isa = PBXContainerItemProxy;
			containerPortal = F7AC995D23EDFFD10046E2B3 /* iOSAudioPlayer.xcodeproj */;
			proxyType = 2;
			remoteGlobalIDString = C807E9571C3FA0D8003D9E5B;
			remoteInfo = iOSAudioPlayer;
		};
/* End PBXContainerItemProxy section */

/* Begin PBXFileReference section */
		0F350D02DA253368C52FABF1 /* Pods_Travel_App.framework */ = {isa = PBXFileReference; explicitFileType = wrapper.framework; includeInIndex = 0; path = Pods_Travel_App.framework; sourceTree = BUILT_PRODUCTS_DIR; };
		3A3A3813239A74B9001FE150 /* CategoryPreference.swift */ = {isa = PBXFileReference; lastKnownFileType = sourcecode.swift; path = CategoryPreference.swift; sourceTree = "<group>"; };
		3A3D2E63238EE4B500DD9876 /* PlaceDataHolder.swift */ = {isa = PBXFileReference; lastKnownFileType = sourcecode.swift; path = PlaceDataHolder.swift; sourceTree = "<group>"; };
		3A3E631323ED352400BE2F34 /* AudioPlayerView.swift */ = {isa = PBXFileReference; lastKnownFileType = sourcecode.swift; path = AudioPlayerView.swift; sourceTree = "<group>"; };
		3A3E631523ED359800BE2F34 /* AudioPlayerView.xib */ = {isa = PBXFileReference; lastKnownFileType = file.xib; path = AudioPlayerView.xib; sourceTree = "<group>"; };
		3A4EE37523E2C38500673BB4 /* UITextField+Extension.swift */ = {isa = PBXFileReference; lastKnownFileType = sourcecode.swift; path = "UITextField+Extension.swift"; sourceTree = "<group>"; };
		3A4EE37723E2CF5C00673BB4 /* PlaceCategory.swift */ = {isa = PBXFileReference; lastKnownFileType = sourcecode.swift; path = PlaceCategory.swift; sourceTree = "<group>"; };
		3A4EE37923E2E58B00673BB4 /* CategoriesFilterView.swift */ = {isa = PBXFileReference; lastKnownFileType = sourcecode.swift; path = CategoriesFilterView.swift; sourceTree = "<group>"; };
		3A4EE37B23E2E5CF00673BB4 /* CategoriesFilterView.xib */ = {isa = PBXFileReference; lastKnownFileType = file.xib; path = CategoriesFilterView.xib; sourceTree = "<group>"; };
		3CCBF9ADA3EC86FC713D01DA /* Pods-Travel-App.debug.xcconfig */ = {isa = PBXFileReference; includeInIndex = 1; lastKnownFileType = text.xcconfig; name = "Pods-Travel-App.debug.xcconfig"; path = "Target Support Files/Pods-Travel-App/Pods-Travel-App.debug.xcconfig"; sourceTree = "<group>"; };
		F00031C6B9A4EF8BE8D81578 /* Pods-Travel-App.release.xcconfig */ = {isa = PBXFileReference; includeInIndex = 1; lastKnownFileType = text.xcconfig; name = "Pods-Travel-App.release.xcconfig"; path = "Target Support Files/Pods-Travel-App/Pods-Travel-App.release.xcconfig"; sourceTree = "<group>"; };
		F700442823A17C9C00D7E59F /* Profile.storyboard */ = {isa = PBXFileReference; lastKnownFileType = file.storyboard; name = Profile.storyboard; path = "Travel-App/Profile.storyboard"; sourceTree = SOURCE_ROOT; };
		F700442A23A194C300D7E59F /* AuthViewController.swift */ = {isa = PBXFileReference; lastKnownFileType = sourcecode.swift; path = AuthViewController.swift; sourceTree = "<group>"; };
		F704B3F723B7F4B00090DD6F /* PlacesCollectionView.swift */ = {isa = PBXFileReference; lastKnownFileType = sourcecode.swift; path = PlacesCollectionView.swift; sourceTree = "<group>"; };
		F704B3F923B7F7340090DD6F /* PlacesCollectionView.xib */ = {isa = PBXFileReference; lastKnownFileType = file.xib; path = PlacesCollectionView.xib; sourceTree = "<group>"; };
		F704B3FB23B889AF0090DD6F /* CarouselFlowLayout.swift */ = {isa = PBXFileReference; lastKnownFileType = sourcecode.swift; path = CarouselFlowLayout.swift; sourceTree = "<group>"; };
		F705253323B4105300E05528 /* OptionFilterSelection.swift */ = {isa = PBXFileReference; lastKnownFileType = sourcecode.swift; name = OptionFilterSelection.swift; path = "Travel-App/Scenes/Search/Screen/CustomView/OptionFilter/OptionFilterSelection.swift"; sourceTree = SOURCE_ROOT; };
		F70DB813239AFB7500D48EC6 /* AppButton.swift */ = {isa = PBXFileReference; lastKnownFileType = sourcecode.swift; name = AppButton.swift; path = "Travel-App/Utility/AppButton.swift"; sourceTree = SOURCE_ROOT; };
		F70DB816239B169B00D48EC6 /* SettingOptionTableViewCell.swift */ = {isa = PBXFileReference; lastKnownFileType = sourcecode.swift; path = SettingOptionTableViewCell.swift; sourceTree = "<group>"; };
		F70DB817239B169B00D48EC6 /* SettingOptionTableViewCell.xib */ = {isa = PBXFileReference; lastKnownFileType = file.xib; path = SettingOptionTableViewCell.xib; sourceTree = "<group>"; };
		F71ACDEA238B41E60092279F /* PlaceData.swift */ = {isa = PBXFileReference; lastKnownFileType = sourcecode.swift; path = PlaceData.swift; sourceTree = "<group>"; };
		F72B7C1123A6CCD9009155D4 /* OptionFilter.swift */ = {isa = PBXFileReference; lastKnownFileType = sourcecode.swift; name = OptionFilter.swift; path = "Travel-App/Scenes/Search/Screen/CustomView/OptionFilter/OptionFilter.swift"; sourceTree = SOURCE_ROOT; };
		F72B7C1323A6CD39009155D4 /* OptionFilterDelegate.swift */ = {isa = PBXFileReference; lastKnownFileType = sourcecode.swift; path = OptionFilterDelegate.swift; sourceTree = "<group>"; };
		F72B7C1523A6D6AE009155D4 /* UIButton+Extension.swift */ = {isa = PBXFileReference; lastKnownFileType = sourcecode.swift; path = "UIButton+Extension.swift"; sourceTree = SOURCE_ROOT; };
		F72EFE41239EF16D008081E1 /* TourInfoViewController.swift */ = {isa = PBXFileReference; lastKnownFileType = sourcecode.swift; path = TourInfoViewController.swift; sourceTree = "<group>"; };
		F72EFE43239EF618008081E1 /* TourInfoView.swift */ = {isa = PBXFileReference; fileEncoding = 4; lastKnownFileType = sourcecode.swift; path = TourInfoView.swift; sourceTree = "<group>"; };
		F72EFE45239EF62B008081E1 /* TourInfoView.xib */ = {isa = PBXFileReference; fileEncoding = 4; lastKnownFileType = file.xib; path = TourInfoView.xib; sourceTree = "<group>"; };
		F735911123F00D9200204703 /* PreferenceBoardPresenter.swift */ = {isa = PBXFileReference; lastKnownFileType = sourcecode.swift; path = PreferenceBoardPresenter.swift; sourceTree = "<group>"; };
		F735911423F00DDA00204703 /* PreferenceBoardPresenterProtocol.swift */ = {isa = PBXFileReference; lastKnownFileType = sourcecode.swift; path = PreferenceBoardPresenterProtocol.swift; sourceTree = "<group>"; };
		F735911623F00EF100204703 /* PreferenceBoardViewProtocol.swift */ = {isa = PBXFileReference; lastKnownFileType = sourcecode.swift; path = PreferenceBoardViewProtocol.swift; sourceTree = "<group>"; };
		F73E166A23E0CC6D0001AB56 /* PlaceTableViewCell.swift */ = {isa = PBXFileReference; lastKnownFileType = sourcecode.swift; path = PlaceTableViewCell.swift; sourceTree = "<group>"; };
		F73E166B23E0CC6D0001AB56 /* PlaceTableViewCell.xib */ = {isa = PBXFileReference; lastKnownFileType = file.xib; path = PlaceTableViewCell.xib; sourceTree = "<group>"; };
		F73E166E23E0CFE70001AB56 /* SelfSizedTableView.swift */ = {isa = PBXFileReference; lastKnownFileType = sourcecode.swift; path = SelfSizedTableView.swift; sourceTree = "<group>"; };
		F73E167023E355860001AB56 /* AttributedStringHelper.swift */ = {isa = PBXFileReference; lastKnownFileType = sourcecode.swift; name = AttributedStringHelper.swift; path = "Travel-App/Scenes/AttributedStringHelper.swift"; sourceTree = SOURCE_ROOT; };
		F745760D238B480C00C5A1DE /* Category.swift */ = {isa = PBXFileReference; lastKnownFileType = sourcecode.swift; path = Category.swift; sourceTree = "<group>"; };
		F7570A9F238AE8F300621E4F /* Configuration.swift */ = {isa = PBXFileReference; lastKnownFileType = sourcecode.swift; name = Configuration.swift; path = "Travel-App/Scenes/Search/Locations/Configuration/Configuration.swift"; sourceTree = SOURCE_ROOT; };
		F7570AA2238AEAA200621E4F /* Location.swift */ = {isa = PBXFileReference; lastKnownFileType = sourcecode.swift; path = Location.swift; sourceTree = "<group>"; };
		F7570AA7238AEC9C00621E4F /* LocationService.swift */ = {isa = PBXFileReference; lastKnownFileType = sourcecode.swift; name = LocationService.swift; path = "Travel-App/Scenes/Search/Locations/Protocols/LocationService.swift"; sourceTree = SOURCE_ROOT; };
		F7570AA9238AECBA00621E4F /* LoactionManager.swift */ = {isa = PBXFileReference; lastKnownFileType = sourcecode.swift; path = LoactionManager.swift; sourceTree = "<group>"; };
		F75EAD392392FED80001C457 /* CategoryFilterDelegate.swift */ = {isa = PBXFileReference; lastKnownFileType = sourcecode.swift; name = CategoryFilterDelegate.swift; path = "Travel-App/Scenes/Search/Screen/CustomView/CategoryFilter/CategoryFilterDelegate.swift"; sourceTree = SOURCE_ROOT; };
		F761DFF12381CF7400D9DBBD /* SettingsViewController.swift */ = {isa = PBXFileReference; lastKnownFileType = sourcecode.swift; path = SettingsViewController.swift; sourceTree = "<group>"; };
		F761DFF32381CF8500D9DBBD /* SettingsViewProtocol.swift */ = {isa = PBXFileReference; lastKnownFileType = sourcecode.swift; path = SettingsViewProtocol.swift; sourceTree = "<group>"; };
		F761DFF52381CF9200D9DBBD /* SettingsPresenter.swift */ = {isa = PBXFileReference; lastKnownFileType = sourcecode.swift; path = SettingsPresenter.swift; sourceTree = "<group>"; };
		F761DFF72381CFAD00D9DBBD /* SettingsPresenterProtocol.swift */ = {isa = PBXFileReference; lastKnownFileType = sourcecode.swift; path = SettingsPresenterProtocol.swift; sourceTree = "<group>"; };
		F76BF7F223EC808A00F92C27 /* FacebookButton.swift */ = {isa = PBXFileReference; lastKnownFileType = sourcecode.swift; name = FacebookButton.swift; path = "Travel-App/FacebookButton.swift"; sourceTree = SOURCE_ROOT; };
		F77879EF23C79C2C002F2052 /* GeocodeType.swift */ = {isa = PBXFileReference; lastKnownFileType = sourcecode.swift; path = GeocodeType.swift; sourceTree = SOURCE_ROOT; };
		F77879F123C7D38E002F2052 /* Loader.swift */ = {isa = PBXFileReference; lastKnownFileType = sourcecode.swift; name = Loader.swift; path = "Travel-App/Loader.swift"; sourceTree = SOURCE_ROOT; };
		F77879F423C7D4D2002F2052 /* CentralCircleLoader.json */ = {isa = PBXFileReference; fileEncoding = 4; lastKnownFileType = text.json; path = CentralCircleLoader.json; sourceTree = "<group>"; };
		F77879F623C7DA00002F2052 /* circleLoader.json */ = {isa = PBXFileReference; fileEncoding = 4; lastKnownFileType = text.json; path = circleLoader.json; sourceTree = "<group>"; };
		F77C178D23AACAE1009D2D69 /* Authorisation.storyboard */ = {isa = PBXFileReference; lastKnownFileType = file.storyboard; name = Authorisation.storyboard; path = "Travel-App/Authorisation.storyboard"; sourceTree = SOURCE_ROOT; };
		F77C178F23AAD216009D2D69 /* CustomTextField.swift */ = {isa = PBXFileReference; lastKnownFileType = sourcecode.swift; path = CustomTextField.swift; sourceTree = "<group>"; };
		F77C179123AAD3C4009D2D69 /* UIViewController+Extension.swift */ = {isa = PBXFileReference; lastKnownFileType = sourcecode.swift; path = "UIViewController+Extension.swift"; sourceTree = SOURCE_ROOT; };
		F77D500B23C102DE00E89E67 /* FirebaseAuthManager.swift */ = {isa = PBXFileReference; lastKnownFileType = sourcecode.swift; path = FirebaseAuthManager.swift; sourceTree = SOURCE_ROOT; };
		F77D500D23C139D000E89E67 /* RegistrationViewController.swift */ = {isa = PBXFileReference; lastKnownFileType = sourcecode.swift; name = RegistrationViewController.swift; path = "Travel-App/RegistrationViewController.swift"; sourceTree = SOURCE_ROOT; };
		F77D501123C1F08100E89E67 /* Utilities.swift */ = {isa = PBXFileReference; fileEncoding = 4; lastKnownFileType = sourcecode.swift; path = Utilities.swift; sourceTree = "<group>"; };
		F77D501423C3D0C700E89E67 /* UserDefaultsManager.swift */ = {isa = PBXFileReference; lastKnownFileType = sourcecode.swift; path = UserDefaultsManager.swift; sourceTree = "<group>"; };
		F77D501623C3D1BE00E89E67 /* SplashScreenViewController.swift */ = {isa = PBXFileReference; lastKnownFileType = sourcecode.swift; name = SplashScreenViewController.swift; path = "Travel-App/Scenes/Splash/SplashScreenViewController.swift"; sourceTree = SOURCE_ROOT; };
		F77D501723C3D1BE00E89E67 /* SplashScreenViewController.xib */ = {isa = PBXFileReference; lastKnownFileType = file.xib; name = SplashScreenViewController.xib; path = "Travel-App/Scenes/Splash/SplashScreenViewController.xib"; sourceTree = SOURCE_ROOT; };
		F77F22442392DB6A004610CE /* Extension+UIViewController.swift */ = {isa = PBXFileReference; lastKnownFileType = sourcecode.swift; path = "Extension+UIViewController.swift"; sourceTree = "<group>"; };
		F77F22452392E816004610CE /* Extension+CALayer.swift */ = {isa = PBXFileReference; lastKnownFileType = sourcecode.swift; name = "Extension+CALayer.swift"; path = "Travel-App/Utility/Extension+CALayer.swift"; sourceTree = SOURCE_ROOT; };
		F780A4C423C3DBB300A9A375 /* SplashScreenPresenter.swift */ = {isa = PBXFileReference; lastKnownFileType = sourcecode.swift; path = SplashScreenPresenter.swift; sourceTree = "<group>"; };
		F780A4C623C3DFF600A9A375 /* AuthStatus.swift */ = {isa = PBXFileReference; lastKnownFileType = sourcecode.swift; path = AuthStatus.swift; sourceTree = SOURCE_ROOT; };
		F780A4CA23C4F4EB00A9A375 /* FirebaseProfileManager.swift */ = {isa = PBXFileReference; lastKnownFileType = sourcecode.swift; name = FirebaseProfileManager.swift; path = "Travel-App/FirebaseProfileManager.swift"; sourceTree = SOURCE_ROOT; };
		F780A4CC23C4F5C200A9A375 /* UserProfile.swift */ = {isa = PBXFileReference; lastKnownFileType = sourcecode.swift; path = UserProfile.swift; sourceTree = "<group>"; };
		F780CE6123A2F91200E8E248 /* ProfileOptionViewCell.swift */ = {isa = PBXFileReference; lastKnownFileType = sourcecode.swift; name = ProfileOptionViewCell.swift; path = View/ProfileOptionViewCell.swift; sourceTree = "<group>"; };
		F780CE6223A2F91200E8E248 /* ProfileOptionViewCell.xib */ = {isa = PBXFileReference; lastKnownFileType = file.xib; name = ProfileOptionViewCell.xib; path = View/ProfileOptionViewCell.xib; sourceTree = "<group>"; };
		F780CE6523A2FDAC00E8E248 /* RecentPlacesTableViewCell.swift */ = {isa = PBXFileReference; lastKnownFileType = sourcecode.swift; name = RecentPlacesTableViewCell.swift; path = View/RecentPlacesTableViewCell.swift; sourceTree = "<group>"; };
		F780CE6623A2FDAC00E8E248 /* RecentPlacesTableViewCell.xib */ = {isa = PBXFileReference; lastKnownFileType = file.xib; name = RecentPlacesTableViewCell.xib; path = View/RecentPlacesTableViewCell.xib; sourceTree = "<group>"; };
		F780CE6923A315F100E8E248 /* RecentPlaceCollectionViewCell.swift */ = {isa = PBXFileReference; lastKnownFileType = sourcecode.swift; name = RecentPlaceCollectionViewCell.swift; path = View/RecentPlaceCollectionViewCell.swift; sourceTree = "<group>"; };
		F780CE6A23A315F100E8E248 /* RecentPlaceCollectionViewCell.xib */ = {isa = PBXFileReference; lastKnownFileType = file.xib; name = RecentPlaceCollectionViewCell.xib; path = View/RecentPlaceCollectionViewCell.xib; sourceTree = "<group>"; };
		F7842A3F23B8C3CC009F692A /* PlaceCardModel.swift */ = {isa = PBXFileReference; lastKnownFileType = sourcecode.swift; path = PlaceCardModel.swift; sourceTree = "<group>"; };
		F790824F23A83AB700056228 /* OptionFilterTableViewCell.swift */ = {isa = PBXFileReference; lastKnownFileType = sourcecode.swift; path = OptionFilterTableViewCell.swift; sourceTree = "<group>"; };
		F790825023A83AB700056228 /* OptionFilterTableViewCell.xib */ = {isa = PBXFileReference; lastKnownFileType = file.xib; path = OptionFilterTableViewCell.xib; sourceTree = "<group>"; };
		F7932B642393A0E4006E6496 /* PlacePreviewDelegate.swift */ = {isa = PBXFileReference; lastKnownFileType = sourcecode.swift; name = PlacePreviewDelegate.swift; path = "Travel-App/Scenes/Search/Screen/CustomView/PlaceInfo/PlacePreviewDelegate.swift"; sourceTree = SOURCE_ROOT; };
		F7932B662393A65C006E6496 /* InfoStoryboard.storyboard */ = {isa = PBXFileReference; lastKnownFileType = file.storyboard; name = InfoStoryboard.storyboard; path = "Travel-App/Scenes/Search/PlaceInfo/InfoStoryboard.storyboard"; sourceTree = SOURCE_ROOT; };
		F7932B682393A687006E6496 /* PlaceInfoViewController.swift */ = {isa = PBXFileReference; lastKnownFileType = sourcecode.swift; path = PlaceInfoViewController.swift; sourceTree = "<group>"; };
		F79754E723EF489C00306220 /* CategoryFilterViewCell.swift */ = {isa = PBXFileReference; lastKnownFileType = sourcecode.swift; path = CategoryFilterViewCell.swift; sourceTree = "<group>"; };
		F79754E823EF489C00306220 /* CategoryFilterViewCell.xib */ = {isa = PBXFileReference; lastKnownFileType = file.xib; path = CategoryFilterViewCell.xib; sourceTree = "<group>"; };
		F79883592381AE5E00F01F3A /* ViewFactory.swift */ = {isa = PBXFileReference; lastKnownFileType = sourcecode.swift; path = ViewFactory.swift; sourceTree = "<group>"; };
		F798835C2381AEF800F01F3A /* SearchViewController.swift */ = {isa = PBXFileReference; lastKnownFileType = sourcecode.swift; path = SearchViewController.swift; sourceTree = "<group>"; };
		F798835E2381AF0E00F01F3A /* SearchViewProtocol.swift */ = {isa = PBXFileReference; lastKnownFileType = sourcecode.swift; path = SearchViewProtocol.swift; sourceTree = "<group>"; };
		F79883602381AF1900F01F3A /* SearchPresenter.swift */ = {isa = PBXFileReference; lastKnownFileType = sourcecode.swift; path = SearchPresenter.swift; sourceTree = "<group>"; };
		F79883622381AF5000F01F3A /* SearchPresenterProtocol.swift */ = {isa = PBXFileReference; lastKnownFileType = sourcecode.swift; path = SearchPresenterProtocol.swift; sourceTree = "<group>"; };
		F79883692381C4FA00F01F3A /* HomeViewProtocol.swift */ = {isa = PBXFileReference; lastKnownFileType = sourcecode.swift; path = HomeViewProtocol.swift; sourceTree = "<group>"; };
		F79883722381C6CB00F01F3A /* HomePresenterProtocol.swift */ = {isa = PBXFileReference; fileEncoding = 4; lastKnownFileType = sourcecode.swift; path = HomePresenterProtocol.swift; sourceTree = "<group>"; };
		F79883732381C6CB00F01F3A /* HomePresenter.swift */ = {isa = PBXFileReference; fileEncoding = 4; lastKnownFileType = sourcecode.swift; path = HomePresenter.swift; sourceTree = "<group>"; };
		F799F5DF23D4CD7500106B7E /* HomeViewController.swift */ = {isa = PBXFileReference; lastKnownFileType = sourcecode.swift; path = HomeViewController.swift; sourceTree = "<group>"; };
		F799F5E023D4CD7500106B7E /* HomeViewController.xib */ = {isa = PBXFileReference; lastKnownFileType = file.xib; path = HomeViewController.xib; sourceTree = "<group>"; };
		F79B3872239C13620032F598 /* ToursManager.swift */ = {isa = PBXFileReference; lastKnownFileType = sourcecode.swift; path = ToursManager.swift; sourceTree = "<group>"; };
		F79B3877239C60400032F598 /* NavigationController.swift */ = {isa = PBXFileReference; lastKnownFileType = sourcecode.swift; path = NavigationController.swift; sourceTree = "<group>"; };
		F79B3879239C6A3C0032F598 /* TourHederView.swift */ = {isa = PBXFileReference; lastKnownFileType = sourcecode.swift; path = TourHederView.swift; sourceTree = "<group>"; };
		F79B387B239D1E4B0032F598 /* NetworkProvider.swift */ = {isa = PBXFileReference; lastKnownFileType = sourcecode.swift; name = NetworkProvider.swift; path = "Travel-App/NetworkProvider.swift"; sourceTree = SOURCE_ROOT; };
		F79B387F239D22370032F598 /* PlaceManager.swift */ = {isa = PBXFileReference; lastKnownFileType = sourcecode.swift; path = PlaceManager.swift; sourceTree = SOURCE_ROOT; };
		F79FCA2023847D4E009F1693 /* AvenirNextLTPro-Bold.otf */ = {isa = PBXFileReference; lastKnownFileType = file; path = "AvenirNextLTPro-Bold.otf"; sourceTree = "<group>"; };
		F79FCA2223847ED2009F1693 /* AvenirNextLTPro-Regular.otf */ = {isa = PBXFileReference; lastKnownFileType = file; path = "AvenirNextLTPro-Regular.otf"; sourceTree = "<group>"; };
		F79FCA2323847ED2009F1693 /* AvenirNextLTPro-HeavyCn.otf */ = {isa = PBXFileReference; lastKnownFileType = file; path = "AvenirNextLTPro-HeavyCn.otf"; sourceTree = "<group>"; };
		F79FCA2423847ED2009F1693 /* AvenirNextLTPro-Demi.otf */ = {isa = PBXFileReference; lastKnownFileType = file; path = "AvenirNextLTPro-Demi.otf"; sourceTree = "<group>"; };
		F79FCA2523847ED2009F1693 /* AvenirNextLTPro-UltLtCn.otf */ = {isa = PBXFileReference; lastKnownFileType = file; path = "AvenirNextLTPro-UltLtCn.otf"; sourceTree = "<group>"; };
		F7AC995D23EDFFD10046E2B3 /* iOSAudioPlayer.xcodeproj */ = {isa = PBXFileReference; lastKnownFileType = "wrapper.pb-project"; name = iOSAudioPlayer.xcodeproj; path = "../../Downloads/ios-audio-player-master-2/Framework/iOSAudioPlayer/iOSAudioPlayer.xcodeproj"; sourceTree = "<group>"; };
		F7AC996523EE005A0046E2B3 /* SpringboardData.swift */ = {isa = PBXFileReference; fileEncoding = 4; lastKnownFileType = sourcecode.swift; path = SpringboardData.swift; sourceTree = "<group>"; };
		F7AC996723EE00DA0046E2B3 /* TPGAudioPlayer.swift */ = {isa = PBXFileReference; fileEncoding = 4; lastKnownFileType = sourcecode.swift; path = TPGAudioPlayer.swift; sourceTree = "<group>"; };
		F7AC996923EE01880046E2B3 /* Notifications.swift */ = {isa = PBXFileReference; fileEncoding = 4; lastKnownFileType = sourcecode.swift; path = Notifications.swift; sourceTree = "<group>"; };
		F7ADAA6623CB2155009ECAEE /* AgreementViewController.swift */ = {isa = PBXFileReference; fileEncoding = 4; lastKnownFileType = sourcecode.swift; path = AgreementViewController.swift; sourceTree = "<group>"; };
		F7ADAA6723CB2156009ECAEE /* AgreementViewController.xib */ = {isa = PBXFileReference; fileEncoding = 4; lastKnownFileType = file.xib; path = AgreementViewController.xib; sourceTree = "<group>"; };
		F7ADAA6A23CB681F009ECAEE /* CustomSlider.swift */ = {isa = PBXFileReference; lastKnownFileType = sourcecode.swift; name = CustomSlider.swift; path = "Travel-App/Scenes/CustomSlider.swift"; sourceTree = SOURCE_ROOT; };
		F7ADAA6C23D09B81009ECAEE /* UIView+Extension.swift */ = {isa = PBXFileReference; lastKnownFileType = sourcecode.swift; path = "UIView+Extension.swift"; sourceTree = SOURCE_ROOT; };
		F7ADAA6E23D0D866009ECAEE /* AgreementType.swift */ = {isa = PBXFileReference; lastKnownFileType = sourcecode.swift; name = AgreementType.swift; path = "Travel-App/AgreementType.swift"; sourceTree = SOURCE_ROOT; };
		F7ADAA7023D460CD009ECAEE /* AgreementDelegate.swift */ = {isa = PBXFileReference; lastKnownFileType = sourcecode.swift; name = AgreementDelegate.swift; path = "Travel-App/Scenes/AgreementDelegate.swift"; sourceTree = SOURCE_ROOT; };
		F7ADB08B237F3A9700DA4E89 /* Travel-App.app */ = {isa = PBXFileReference; explicitFileType = wrapper.application; includeInIndex = 0; path = "Travel-App.app"; sourceTree = BUILT_PRODUCTS_DIR; };
		F7ADB08E237F3A9700DA4E89 /* AppDelegate.swift */ = {isa = PBXFileReference; lastKnownFileType = sourcecode.swift; path = AppDelegate.swift; sourceTree = "<group>"; };
		F7ADB090237F3A9700DA4E89 /* AppTabBarController.swift */ = {isa = PBXFileReference; lastKnownFileType = sourcecode.swift; path = AppTabBarController.swift; sourceTree = "<group>"; };
		F7ADB095237F3A9E00DA4E89 /* Assets.xcassets */ = {isa = PBXFileReference; lastKnownFileType = folder.assetcatalog; path = Assets.xcassets; sourceTree = "<group>"; };
		F7ADB098237F3A9E00DA4E89 /* Base */ = {isa = PBXFileReference; lastKnownFileType = file.storyboard; name = Base; path = Base.lproj/LaunchScreen.storyboard; sourceTree = "<group>"; };
		F7ADB09A237F3A9E00DA4E89 /* Info.plist */ = {isa = PBXFileReference; lastKnownFileType = text.plist.xml; path = Info.plist; sourceTree = "<group>"; };
		F7B45FFE2389103F005CBEE4 /* PreferenceBoardViewController.swift */ = {isa = PBXFileReference; lastKnownFileType = sourcecode.swift; path = PreferenceBoardViewController.swift; sourceTree = "<group>"; };
		F7C7A1A9238B30CD00C33FE4 /* GoogleApiService.swift */ = {isa = PBXFileReference; lastKnownFileType = sourcecode.swift; name = GoogleApiService.swift; path = "Travel-App/Network/Handler/GoogleApiService.swift"; sourceTree = SOURCE_ROOT; };
		F7C7A1AB238B369A00C33FE4 /* GoogleService-Info.plist */ = {isa = PBXFileReference; fileEncoding = 4; lastKnownFileType = text.plist.xml; path = "GoogleService-Info.plist"; sourceTree = "<group>"; };
		F7CA366623925B84005F7C57 /* CategoryFilter.swift */ = {isa = PBXFileReference; lastKnownFileType = sourcecode.swift; path = CategoryFilter.swift; sourceTree = "<group>"; };
		F7CA366823925DC9005F7C57 /* CategoryFilterCell.swift */ = {isa = PBXFileReference; lastKnownFileType = sourcecode.swift; path = CategoryFilterCell.swift; sourceTree = "<group>"; };
		F7CA366C23926116005F7C57 /* Label.swift */ = {isa = PBXFileReference; lastKnownFileType = sourcecode.swift; path = Label.swift; sourceTree = "<group>"; };
		F7CF8D2F2396FF2100119B60 /* InterestsCollectionViewCell.swift */ = {isa = PBXFileReference; lastKnownFileType = sourcecode.swift; path = InterestsCollectionViewCell.swift; sourceTree = "<group>"; };
		F7CF8D302396FF2100119B60 /* InterestsCollectionViewCell.xib */ = {isa = PBXFileReference; lastKnownFileType = file.xib; path = InterestsCollectionViewCell.xib; sourceTree = "<group>"; };
		F7CF8D332399A46300119B60 /* SettingOptionCollectionViewCell.swift */ = {isa = PBXFileReference; lastKnownFileType = sourcecode.swift; path = SettingOptionCollectionViewCell.swift; sourceTree = "<group>"; };
		F7CF8D342399A46300119B60 /* SettingOptionCollectionViewCell.xib */ = {isa = PBXFileReference; lastKnownFileType = file.xib; path = SettingOptionCollectionViewCell.xib; sourceTree = "<group>"; };
		F7CF8D37239AE39600119B60 /* InterestsTableCell.swift */ = {isa = PBXFileReference; lastKnownFileType = sourcecode.swift; path = InterestsTableCell.swift; sourceTree = "<group>"; };
		F7CF8D38239AE39600119B60 /* InterestsTableCell.xib */ = {isa = PBXFileReference; lastKnownFileType = file.xib; path = InterestsTableCell.xib; sourceTree = "<group>"; };
		F7CFD010239BCC5600983631 /* ProfilePresenterProtocol.swift */ = {isa = PBXFileReference; lastKnownFileType = sourcecode.swift; name = ProfilePresenterProtocol.swift; path = "Travel-App/Scenes/Profile/Presenter/ProfilePresenterProtocol.swift"; sourceTree = SOURCE_ROOT; };
		F7CFD012239BCC8800983631 /* ProfileViewProtocol.swift */ = {isa = PBXFileReference; lastKnownFileType = sourcecode.swift; name = ProfileViewProtocol.swift; path = View/ProfileViewProtocol.swift; sourceTree = "<group>"; };
		F7CFD014239BCCD600983631 /* ProfileViewController.swift */ = {isa = PBXFileReference; lastKnownFileType = sourcecode.swift; name = ProfileViewController.swift; path = View/ProfileViewController.swift; sourceTree = "<group>"; };
		F7CFD016239BCD6600983631 /* ProfilePresenter.swift */ = {isa = PBXFileReference; lastKnownFileType = sourcecode.swift; name = ProfilePresenter.swift; path = "Travel-App/Scenes/Profile/Presenter/ProfilePresenter.swift"; sourceTree = SOURCE_ROOT; };
		F7CFD01A239BD3BB00983631 /* TourTableViewCell.swift */ = {isa = PBXFileReference; lastKnownFileType = sourcecode.swift; path = TourTableViewCell.swift; sourceTree = "<group>"; };
		F7CFD01B239BD3BB00983631 /* TourTableViewCell.xib */ = {isa = PBXFileReference; lastKnownFileType = file.xib; path = TourTableViewCell.xib; sourceTree = "<group>"; };
		F7CFD01F239BE3A800983631 /* Tour.swift */ = {isa = PBXFileReference; lastKnownFileType = sourcecode.swift; name = Tour.swift; path = "Travel-App/Tour.swift"; sourceTree = SOURCE_ROOT; };
		F7DFCE3323C662B5002A95C7 /* SettingTableViewCell.swift */ = {isa = PBXFileReference; lastKnownFileType = sourcecode.swift; name = SettingTableViewCell.swift; path = "Travel-App/Scenes/Settings/SettingTableViewCell.swift"; sourceTree = SOURCE_ROOT; };
		F7DFCE3423C662B5002A95C7 /* SettingTableViewCell.xib */ = {isa = PBXFileReference; lastKnownFileType = file.xib; name = SettingTableViewCell.xib; path = "Travel-App/Scenes/Settings/SettingTableViewCell.xib"; sourceTree = SOURCE_ROOT; };
		F7E9DDE1238344CB000DE6F4 /* PlacePreview.swift */ = {isa = PBXFileReference; lastKnownFileType = sourcecode.swift; path = PlacePreview.swift; sourceTree = "<group>"; };
		F7EF6917239BA4AA0004EF4E /* PreferenceOptionDelegate.swift */ = {isa = PBXFileReference; lastKnownFileType = sourcecode.swift; path = PreferenceOptionDelegate.swift; sourceTree = "<group>"; };
		F7EF6919239BBE930004EF4E /* ToursViewController.swift */ = {isa = PBXFileReference; lastKnownFileType = sourcecode.swift; name = ToursViewController.swift; path = "Travel-App/Scenes/Search/Tours/View/ToursViewController.swift"; sourceTree = SOURCE_ROOT; };
		F7EF691C239BC0CA0004EF4E /* ToursViewProtocol.swift */ = {isa = PBXFileReference; lastKnownFileType = sourcecode.swift; path = ToursViewProtocol.swift; sourceTree = "<group>"; };
		F7EF691E239BC1230004EF4E /* ToursPresenter.swift */ = {isa = PBXFileReference; lastKnownFileType = sourcecode.swift; path = ToursPresenter.swift; sourceTree = "<group>"; };
		F7EF6920239BC1310004EF4E /* ToursPresenterProtocol.swift */ = {isa = PBXFileReference; lastKnownFileType = sourcecode.swift; path = ToursPresenterProtocol.swift; sourceTree = "<group>"; };
/* End PBXFileReference section */

/* Begin PBXFrameworksBuildPhase section */
		F7ADB088237F3A9700DA4E89 /* Frameworks */ = {
			isa = PBXFrameworksBuildPhase;
			buildActionMask = 2147483647;
			files = (
				11B784B2C09A53B150857439 /* Pods_Travel_App.framework in Frameworks */,
			);
			runOnlyForDeploymentPostprocessing = 0;
		};
/* End PBXFrameworksBuildPhase section */

/* Begin PBXGroup section */
		024B4328CA0316027ACCF43C /* Pods */ = {
			isa = PBXGroup;
			children = (
				3CCBF9ADA3EC86FC713D01DA /* Pods-Travel-App.debug.xcconfig */,
				F00031C6B9A4EF8BE8D81578 /* Pods-Travel-App.release.xcconfig */,
			);
			path = Pods;
			sourceTree = "<group>";
		};
		C2D17BFE28A13407CD023D67 /* Frameworks */ = {
			isa = PBXGroup;
			children = (
				F7AC995D23EDFFD10046E2B3 /* iOSAudioPlayer.xcodeproj */,
				0F350D02DA253368C52FABF1 /* Pods_Travel_App.framework */,
			);
			name = Frameworks;
			sourceTree = "<group>";
		};
		F704B39423B7AD620090DD6F /* OptionFilter */ = {
			isa = PBXGroup;
			children = (
				F72B7C1123A6CCD9009155D4 /* OptionFilter.swift */,
				F705253323B4105300E05528 /* OptionFilterSelection.swift */,
				F72B7C1323A6CD39009155D4 /* OptionFilterDelegate.swift */,
				F790824F23A83AB700056228 /* OptionFilterTableViewCell.swift */,
				F790825023A83AB700056228 /* OptionFilterTableViewCell.xib */,
			);
			path = OptionFilter;
			sourceTree = "<group>";
		};
		F70DB815239B149A00D48EC6 /* InterestsCell */ = {
			isa = PBXGroup;
			children = (
				F7CF8D37239AE39600119B60 /* InterestsTableCell.swift */,
				F7CF8D38239AE39600119B60 /* InterestsTableCell.xib */,
				F7CF8D2F2396FF2100119B60 /* InterestsCollectionViewCell.swift */,
				F7CF8D302396FF2100119B60 /* InterestsCollectionViewCell.xib */,
				3A3A3813239A74B9001FE150 /* CategoryPreference.swift */,
				F79754E723EF489C00306220 /* CategoryFilterViewCell.swift */,
				F79754E823EF489C00306220 /* CategoryFilterViewCell.xib */,
			);
			path = InterestsCell;
			sourceTree = "<group>";
		};
		F70DB81A239B235F00D48EC6 /* SettingOptionsCell */ = {
			isa = PBXGroup;
			children = (
				F70DB816239B169B00D48EC6 /* SettingOptionTableViewCell.swift */,
				F70DB817239B169B00D48EC6 /* SettingOptionTableViewCell.xib */,
				F7CF8D332399A46300119B60 /* SettingOptionCollectionViewCell.swift */,
				F7CF8D342399A46300119B60 /* SettingOptionCollectionViewCell.xib */,
			);
			path = SettingOptionsCell;
			sourceTree = "<group>";
		};
		F71ACDE9238B41B60092279F /* Network */ = {
			isa = PBXGroup;
			children = (
				F7E180E1238DD69500406EFC /* Handler */,
				F7E180E0238DD68B00406EFC /* Models */,
			);
			path = Network;
			sourceTree = "<group>";
		};
		F72B7C0E23A66307009155D4 /* PlaceInfo */ = {
			isa = PBXGroup;
			children = (
				F7E9DDE1238344CB000DE6F4 /* PlacePreview.swift */,
				F7932B642393A0E4006E6496 /* PlacePreviewDelegate.swift */,
				F704B3F723B7F4B00090DD6F /* PlacesCollectionView.swift */,
				F704B3F923B7F7340090DD6F /* PlacesCollectionView.xib */,
				F704B3FB23B889AF0090DD6F /* CarouselFlowLayout.swift */,
				F7842A3F23B8C3CC009F692A /* PlaceCardModel.swift */,
			);
			path = PlaceInfo;
			sourceTree = "<group>";
		};
		F72B7C0F23A6636C009155D4 /* CategoryFilter */ = {
			isa = PBXGroup;
			children = (
				F7CA366623925B84005F7C57 /* CategoryFilter.swift */,
				F7CA366823925DC9005F7C57 /* CategoryFilterCell.swift */,
				F75EAD392392FED80001C457 /* CategoryFilterDelegate.swift */,
			);
			path = CategoryFilter;
			sourceTree = "<group>";
		};
		F72B7C1023A66A00009155D4 /* TourInfo */ = {
			isa = PBXGroup;
			children = (
				F72EFE41239EF16D008081E1 /* TourInfoViewController.swift */,
				F72EFE43239EF618008081E1 /* TourInfoView.swift */,
				F72EFE45239EF62B008081E1 /* TourInfoView.xib */,
			);
			path = TourInfo;
			sourceTree = "<group>";
		};
		F7570A9C238A943D00621E4F /* TourPreferensesView */ = {
			isa = PBXGroup;
			children = (
				F7B45FFE2389103F005CBEE4 /* PreferenceBoardViewController.swift */,
				F735911623F00EF100204703 /* PreferenceBoardViewProtocol.swift */,
				F7EF6917239BA4AA0004EF4E /* PreferenceOptionDelegate.swift */,
				F70DB815239B149A00D48EC6 /* InterestsCell */,
				F70DB81A239B235F00D48EC6 /* SettingOptionsCell */,
				F735911123F00D9200204703 /* PreferenceBoardPresenter.swift */,
				F735911423F00DDA00204703 /* PreferenceBoardPresenterProtocol.swift */,
			);
			path = TourPreferensesView;
			sourceTree = "<group>";
		};
		F7570AA1238AEA7000621E4F /* Models */ = {
			isa = PBXGroup;
			children = (
				F7570AA2238AEAA200621E4F /* Location.swift */,
			);
			path = Models;
			sourceTree = "<group>";
		};
		F7570AA6238AEBFE00621E4F /* Protocols */ = {
			isa = PBXGroup;
			children = (
				F7570AA7238AEC9C00621E4F /* LocationService.swift */,
			);
			path = Protocols;
			sourceTree = "<group>";
		};
		F761DFF92381D02800D9DBBD /* Presenter */ = {
			isa = PBXGroup;
			children = (
				F761DFF52381CF9200D9DBBD /* SettingsPresenter.swift */,
				F761DFF72381CFAD00D9DBBD /* SettingsPresenterProtocol.swift */,
			);
			path = Presenter;
			sourceTree = "<group>";
		};
		F761DFFA2381D04300D9DBBD /* View */ = {
			isa = PBXGroup;
			children = (
				F761DFF12381CF7400D9DBBD /* SettingsViewController.swift */,
				F761DFF32381CF8500D9DBBD /* SettingsViewProtocol.swift */,
				F7DFCE3323C662B5002A95C7 /* SettingTableViewCell.swift */,
				F7DFCE3423C662B5002A95C7 /* SettingTableViewCell.xib */,
			);
			path = View;
			sourceTree = "<group>";
		};
		F761DFFB2381D04E00D9DBBD /* Settings */ = {
			isa = PBXGroup;
			children = (
				F7B45FFD23890F22005CBEE4 /* Base */,
			);
			path = Settings;
			sourceTree = "<group>";
		};
		F77879F323C7D4B0002F2052 /* Resources */ = {
			isa = PBXGroup;
			children = (
				F77879F423C7D4D2002F2052 /* CentralCircleLoader.json */,
				F77879F623C7DA00002F2052 /* circleLoader.json */,
			);
			path = Resources;
			sourceTree = "<group>";
		};
		F77C178C23AAC34E009D2D69 /* Authorisation */ = {
			isa = PBXGroup;
			children = (
				F700442A23A194C300D7E59F /* AuthViewController.swift */,
				F77C178D23AACAE1009D2D69 /* Authorisation.storyboard */,
				F77C178F23AAD216009D2D69 /* CustomTextField.swift */,
				F77D500D23C139D000E89E67 /* RegistrationViewController.swift */,
				F76BF7F223EC808A00F92C27 /* FacebookButton.swift */,
			);
			path = Authorisation;
			sourceTree = "<group>";
		};
		F77D500F23C1F04F00E89E67 /* Helpers */ = {
			isa = PBXGroup;
			children = (
				F77D501123C1F08100E89E67 /* Utilities.swift */,
				F77D501423C3D0C700E89E67 /* UserDefaultsManager.swift */,
			);
			path = Helpers;
			sourceTree = "<group>";
		};
		F77D501A23C3D1CC00E89E67 /* Splash */ = {
			isa = PBXGroup;
			children = (
				F77D501623C3D1BE00E89E67 /* SplashScreenViewController.swift */,
				F77D501723C3D1BE00E89E67 /* SplashScreenViewController.xib */,
				F780A4C423C3DBB300A9A375 /* SplashScreenPresenter.swift */,
			);
			path = Splash;
			sourceTree = "<group>";
		};
		F77F22432392DB6A004610CE /* Utility */ = {
			isa = PBXGroup;
			children = (
				F77879F323C7D4B0002F2052 /* Resources */,
				F7CA366C23926116005F7C57 /* Label.swift */,
				3A4EE37523E2C38500673BB4 /* UITextField+Extension.swift */,
				F77F22442392DB6A004610CE /* Extension+UIViewController.swift */,
				F77F22452392E816004610CE /* Extension+CALayer.swift */,
				F70DB813239AFB7500D48EC6 /* AppButton.swift */,
				F79B3877239C60400032F598 /* NavigationController.swift */,
				F72B7C1523A6D6AE009155D4 /* UIButton+Extension.swift */,
				F77C179123AAD3C4009D2D69 /* UIViewController+Extension.swift */,
				F77879F123C7D38E002F2052 /* Loader.swift */,
				F7ADAA6C23D09B81009ECAEE /* UIView+Extension.swift */,
			);
			path = Utility;
			sourceTree = "<group>";
		};
		F780A4C923C4F24F00A9A375 /* CustomViews */ = {
			isa = PBXGroup;
			children = (
				F780CE6123A2F91200E8E248 /* ProfileOptionViewCell.swift */,
				F780CE6223A2F91200E8E248 /* ProfileOptionViewCell.xib */,
				F780CE6523A2FDAC00E8E248 /* RecentPlacesTableViewCell.swift */,
				F780CE6623A2FDAC00E8E248 /* RecentPlacesTableViewCell.xib */,
				F780CE6923A315F100E8E248 /* RecentPlaceCollectionViewCell.swift */,
				F780CE6A23A315F100E8E248 /* RecentPlaceCollectionViewCell.xib */,
			);
			name = CustomViews;
			sourceTree = "<group>";
		};
		F7932B6A23943956006E6496 /* PlaceInfo */ = {
			isa = PBXGroup;
			children = (
				F7932B662393A65C006E6496 /* InfoStoryboard.storyboard */,
				F7932B682393A687006E6496 /* PlaceInfoViewController.swift */,
				3A3E631323ED352400BE2F34 /* AudioPlayerView.swift */,
				3A3E631523ED359800BE2F34 /* AudioPlayerView.xib */,
				F7AC996523EE005A0046E2B3 /* SpringboardData.swift */,
				F7AC996723EE00DA0046E2B3 /* TPGAudioPlayer.swift */,
				F7AC996923EE01880046E2B3 /* Notifications.swift */,
			);
			path = PlaceInfo;
			sourceTree = "<group>";
		};
		F7958CCB238B09C1007688F8 /* Locations */ = {
			isa = PBXGroup;
			children = (
				F7F0C9C7238AED1A007EF5B4 /* Managers */,
				F7570AA6238AEBFE00621E4F /* Protocols */,
				F7570AA1238AEA7000621E4F /* Models */,
				F7F0C9C8238AED97007EF5B4 /* Configuration */,
			);
			path = Locations;
			sourceTree = "<group>";
		};
		F7958CCC238B09DB007688F8 /* Screen */ = {
			isa = PBXGroup;
			children = (
				F79883652381AF8B00F01F3A /* View */,
				F79883642381AF8100F01F3A /* Presenter */,
				F7958CCD238B0CD8007688F8 /* CustomView */,
			);
			path = Screen;
			sourceTree = "<group>";
		};
		F7958CCD238B0CD8007688F8 /* CustomView */ = {
			isa = PBXGroup;
			children = (
				F72B7C0F23A6636C009155D4 /* CategoryFilter */,
				F72B7C0E23A66307009155D4 /* PlaceInfo */,
				F72B7C1023A66A00009155D4 /* TourInfo */,
				F704B39423B7AD620090DD6F /* OptionFilter */,
			);
			path = CustomView;
			sourceTree = "<group>";
		};
		F798835B2381AEAE00F01F3A /* Scenes */ = {
			isa = PBXGroup;
			children = (
				F79883592381AE5E00F01F3A /* ViewFactory.swift */,
				F761DFFB2381D04E00D9DBBD /* Settings */,
				F79883802381CA1500F01F3A /* Profile */,
				F79883712381C60A00F01F3A /* Home */,
				F79883662381AF9600F01F3A /* Search */,
				F77C178C23AAC34E009D2D69 /* Authorisation */,
				F77D501A23C3D1CC00E89E67 /* Splash */,
				F7ADAA6523CB2130009ECAEE /* Agreement */,
			);
			path = Scenes;
			sourceTree = "<group>";
		};
		F79883642381AF8100F01F3A /* Presenter */ = {
			isa = PBXGroup;
			children = (
				F79883602381AF1900F01F3A /* SearchPresenter.swift */,
				F79883622381AF5000F01F3A /* SearchPresenterProtocol.swift */,
			);
			path = Presenter;
			sourceTree = "<group>";
		};
		F79883652381AF8B00F01F3A /* View */ = {
			isa = PBXGroup;
			children = (
				F798835C2381AEF800F01F3A /* SearchViewController.swift */,
				F798835E2381AF0E00F01F3A /* SearchViewProtocol.swift */,
			);
			path = View;
			sourceTree = "<group>";
		};
		F79883662381AF9600F01F3A /* Search */ = {
			isa = PBXGroup;
			children = (
				F7958CCC238B09DB007688F8 /* Screen */,
				F7958CCB238B09C1007688F8 /* Locations */,
				F7570A9C238A943D00621E4F /* TourPreferensesView */,
				F7932B6A23943956006E6496 /* PlaceInfo */,
				F7EF691B239BBE980004EF4E /* Tours */,
			);
			path = Search;
			sourceTree = "<group>";
		};
		F798836F2381C5EF00F01F3A /* Presenter */ = {
			isa = PBXGroup;
			children = (
				F79883732381C6CB00F01F3A /* HomePresenter.swift */,
				F79883722381C6CB00F01F3A /* HomePresenterProtocol.swift */,
				F73E167023E355860001AB56 /* AttributedStringHelper.swift */,
			);
			path = Presenter;
			sourceTree = "<group>";
		};
		F79883702381C5FA00F01F3A /* View */ = {
			isa = PBXGroup;
			children = (
				F79883692381C4FA00F01F3A /* HomeViewProtocol.swift */,
				F799F5DF23D4CD7500106B7E /* HomeViewController.swift */,
				F799F5E023D4CD7500106B7E /* HomeViewController.xib */,
				F73E166A23E0CC6D0001AB56 /* PlaceTableViewCell.swift */,
				F73E166B23E0CC6D0001AB56 /* PlaceTableViewCell.xib */,
				F73E166E23E0CFE70001AB56 /* SelfSizedTableView.swift */,
				3A4EE37923E2E58B00673BB4 /* CategoriesFilterView.swift */,
				3A4EE37B23E2E5CF00673BB4 /* CategoriesFilterView.xib */,
			);
			path = View;
			sourceTree = "<group>";
		};
		F79883712381C60A00F01F3A /* Home */ = {
			isa = PBXGroup;
			children = (
				F79883702381C5FA00F01F3A /* View */,
				F798836F2381C5EF00F01F3A /* Presenter */,
			);
			path = Home;
			sourceTree = "<group>";
		};
		F798837E2381C9A500F01F3A /* View */ = {
			isa = PBXGroup;
			children = (
				F7CFD014239BCCD600983631 /* ProfileViewController.swift */,
				F7CFD012239BCC8800983631 /* ProfileViewProtocol.swift */,
				F700442823A17C9C00D7E59F /* Profile.storyboard */,
				F780A4C923C4F24F00A9A375 /* CustomViews */,
			);
			name = View;
			sourceTree = "<group>";
		};
		F798837F2381CA0A00F01F3A /* Presenter */ = {
			isa = PBXGroup;
			children = (
				F7CFD010239BCC5600983631 /* ProfilePresenterProtocol.swift */,
				F7CFD016239BCD6600983631 /* ProfilePresenter.swift */,
			);
			path = Presenter;
			sourceTree = "<group>";
		};
		F79883802381CA1500F01F3A /* Profile */ = {
			isa = PBXGroup;
			children = (
				F798837E2381C9A500F01F3A /* View */,
				F798837F2381CA0A00F01F3A /* Presenter */,
			);
			path = Profile;
			sourceTree = "<group>";
		};
		F79B3874239C136B0032F598 /* Storage */ = {
			isa = PBXGroup;
			children = (
				F79B3872239C13620032F598 /* ToursManager.swift */,
				F79B387F239D22370032F598 /* PlaceManager.swift */,
				F77D500B23C102DE00E89E67 /* FirebaseAuthManager.swift */,
				F780A4CA23C4F4EB00A9A375 /* FirebaseProfileManager.swift */,
				F780A4C623C3DFF600A9A375 /* AuthStatus.swift */,
				F77879EF23C79C2C002F2052 /* GeocodeType.swift */,
			);
			path = Storage;
			sourceTree = "<group>";
		};
		F79FCA1E23846F69009F1693 /* Resources */ = {
			isa = PBXGroup;
			children = (
				F79FCA2023847D4E009F1693 /* AvenirNextLTPro-Bold.otf */,
				F79FCA2423847ED2009F1693 /* AvenirNextLTPro-Demi.otf */,
				F79FCA2323847ED2009F1693 /* AvenirNextLTPro-HeavyCn.otf */,
				F79FCA2223847ED2009F1693 /* AvenirNextLTPro-Regular.otf */,
				F79FCA2523847ED2009F1693 /* AvenirNextLTPro-UltLtCn.otf */,
			);
			path = Resources;
			sourceTree = "<group>";
		};
		F7AC995E23EDFFD10046E2B3 /* Products */ = {
			isa = PBXGroup;
			children = (
				F7AC996223EDFFD10046E2B3 /* iOSAudioPlayer.framework */,
			);
			name = Products;
			sourceTree = "<group>";
		};
		F7ADAA6523CB2130009ECAEE /* Agreement */ = {
			isa = PBXGroup;
			children = (
				F7ADAA6623CB2155009ECAEE /* AgreementViewController.swift */,
				F7ADAA6723CB2156009ECAEE /* AgreementViewController.xib */,
				F7ADAA6A23CB681F009ECAEE /* CustomSlider.swift */,
				F7ADAA6E23D0D866009ECAEE /* AgreementType.swift */,
				F7ADAA7023D460CD009ECAEE /* AgreementDelegate.swift */,
			);
			path = Agreement;
			sourceTree = "<group>";
		};
		F7ADB082237F3A9700DA4E89 = {
			isa = PBXGroup;
			children = (
				F7ADB08D237F3A9700DA4E89 /* Travel-App */,
				F7ADB08C237F3A9700DA4E89 /* Products */,
				024B4328CA0316027ACCF43C /* Pods */,
				C2D17BFE28A13407CD023D67 /* Frameworks */,
			);
			sourceTree = "<group>";
		};
		F7ADB08C237F3A9700DA4E89 /* Products */ = {
			isa = PBXGroup;
			children = (
				F7ADB08B237F3A9700DA4E89 /* Travel-App.app */,
			);
			name = Products;
			sourceTree = "<group>";
		};
		F7ADB08D237F3A9700DA4E89 /* Travel-App */ = {
			isa = PBXGroup;
			children = (
				F77D500F23C1F04F00E89E67 /* Helpers */,
				F7ADB08E237F3A9700DA4E89 /* AppDelegate.swift */,
				F7ADB090237F3A9700DA4E89 /* AppTabBarController.swift */,
				F7ADB095237F3A9E00DA4E89 /* Assets.xcassets */,
				F71ACDE9238B41B60092279F /* Network */,
				F79B3874239C136B0032F598 /* Storage */,
				F798835B2381AEAE00F01F3A /* Scenes */,
				F77F22432392DB6A004610CE /* Utility */,
				F7ADB097237F3A9E00DA4E89 /* LaunchScreen.storyboard */,
				F7ADB09A237F3A9E00DA4E89 /* Info.plist */,
				F7C7A1AB238B369A00C33FE4 /* GoogleService-Info.plist */,
				F79FCA1E23846F69009F1693 /* Resources */,
			);
			path = "Travel-App";
			sourceTree = "<group>";
		};
		F7B45FFD23890F22005CBEE4 /* Base */ = {
			isa = PBXGroup;
			children = (
				F761DFFA2381D04300D9DBBD /* View */,
				F761DFF92381D02800D9DBBD /* Presenter */,
			);
			path = Base;
			sourceTree = "<group>";
		};
		F7CFD018239BCDC000983631 /* View */ = {
			isa = PBXGroup;
			children = (
				F7EF6919239BBE930004EF4E /* ToursViewController.swift */,
				F7EF691C239BC0CA0004EF4E /* ToursViewProtocol.swift */,
				F7CFD01E239BD3CC00983631 /* CustomCell */,
				F79B3879239C6A3C0032F598 /* TourHederView.swift */,
			);
			path = View;
			sourceTree = "<group>";
		};
		F7CFD019239BCDFA00983631 /* Presenter */ = {
			isa = PBXGroup;
			children = (
				F7EF691E239BC1230004EF4E /* ToursPresenter.swift */,
				F7EF6920239BC1310004EF4E /* ToursPresenterProtocol.swift */,
			);
			path = Presenter;
			sourceTree = "<group>";
		};
		F7CFD01E239BD3CC00983631 /* CustomCell */ = {
			isa = PBXGroup;
			children = (
				F7CFD01A239BD3BB00983631 /* TourTableViewCell.swift */,
				F7CFD01B239BD3BB00983631 /* TourTableViewCell.xib */,
			);
			path = CustomCell;
			sourceTree = "<group>";
		};
		F7E180E0238DD68B00406EFC /* Models */ = {
			isa = PBXGroup;
			children = (
				F71ACDEA238B41E60092279F /* PlaceData.swift */,
				F745760D238B480C00C5A1DE /* Category.swift */,
				3A3D2E63238EE4B500DD9876 /* PlaceDataHolder.swift */,
				F7CFD01F239BE3A800983631 /* Tour.swift */,
				F780A4CC23C4F5C200A9A375 /* UserProfile.swift */,
				3A4EE37723E2CF5C00673BB4 /* PlaceCategory.swift */,
			);
			path = Models;
			sourceTree = "<group>";
		};
		F7E180E1238DD69500406EFC /* Handler */ = {
			isa = PBXGroup;
			children = (
				F7C7A1A9238B30CD00C33FE4 /* GoogleApiService.swift */,
				F79B387B239D1E4B0032F598 /* NetworkProvider.swift */,
			);
			path = Handler;
			sourceTree = "<group>";
		};
		F7EF691B239BBE980004EF4E /* Tours */ = {
			isa = PBXGroup;
			children = (
				F7CFD019239BCDFA00983631 /* Presenter */,
				F7CFD018239BCDC000983631 /* View */,
			);
			path = Tours;
			sourceTree = "<group>";
		};
		F7F0C9C7238AED1A007EF5B4 /* Managers */ = {
			isa = PBXGroup;
			children = (
				F7570AA9238AECBA00621E4F /* LoactionManager.swift */,
			);
			path = Managers;
			sourceTree = "<group>";
		};
		F7F0C9C8238AED97007EF5B4 /* Configuration */ = {
			isa = PBXGroup;
			children = (
				F7570A9F238AE8F300621E4F /* Configuration.swift */,
			);
			path = Configuration;
			sourceTree = "<group>";
		};
/* End PBXGroup section */

/* Begin PBXNativeTarget section */
		F7ADB08A237F3A9700DA4E89 /* Travel-App */ = {
			isa = PBXNativeTarget;
			buildConfigurationList = F7ADB09D237F3A9E00DA4E89 /* Build configuration list for PBXNativeTarget "Travel-App" */;
			buildPhases = (
				7D04CF056E5D7EF43D680871 /* [CP] Check Pods Manifest.lock */,
				F7ADB087237F3A9700DA4E89 /* Sources */,
				F7ADB088237F3A9700DA4E89 /* Frameworks */,
				F7ADB089237F3A9700DA4E89 /* Resources */,
				21AC33CDD474FB31BC594FE7 /* [CP] Embed Pods Frameworks */,
				E5AEB7F37C07AB097B33AEB6 /* [CP] Copy Pods Resources */,
			);
			buildRules = (
			);
			dependencies = (
			);
			name = "Travel-App";
			productName = "Travel-App";
			productReference = F7ADB08B237F3A9700DA4E89 /* Travel-App.app */;
			productType = "com.apple.product-type.application";
		};
/* End PBXNativeTarget section */

/* Begin PBXProject section */
		F7ADB083237F3A9700DA4E89 /* Project object */ = {
			isa = PBXProject;
			attributes = {
				LastSwiftUpdateCheck = 1020;
				LastUpgradeCheck = 1020;
				ORGANIZATIONNAME = companyName;
				TargetAttributes = {
					F7ADB08A237F3A9700DA4E89 = {
						CreatedOnToolsVersion = 10.2;
						LastSwiftMigration = 1120;
					};
				};
			};
			buildConfigurationList = F7ADB086237F3A9700DA4E89 /* Build configuration list for PBXProject "Travel-App" */;
			compatibilityVersion = "Xcode 9.3";
			developmentRegion = en;
			hasScannedForEncodings = 0;
			knownRegions = (
				en,
				Base,
			);
			mainGroup = F7ADB082237F3A9700DA4E89;
			productRefGroup = F7ADB08C237F3A9700DA4E89 /* Products */;
			projectDirPath = "";
			projectReferences = (
				{
					ProductGroup = F7AC995E23EDFFD10046E2B3 /* Products */;
					ProjectRef = F7AC995D23EDFFD10046E2B3 /* iOSAudioPlayer.xcodeproj */;
				},
			);
			projectRoot = "";
			targets = (
				F7ADB08A237F3A9700DA4E89 /* Travel-App */,
			);
		};
/* End PBXProject section */

/* Begin PBXReferenceProxy section */
		F7AC996223EDFFD10046E2B3 /* iOSAudioPlayer.framework */ = {
			isa = PBXReferenceProxy;
			fileType = wrapper.framework;
			path = iOSAudioPlayer.framework;
			remoteRef = F7AC996123EDFFD10046E2B3 /* PBXContainerItemProxy */;
			sourceTree = BUILT_PRODUCTS_DIR;
		};
/* End PBXReferenceProxy section */

/* Begin PBXResourcesBuildPhase section */
		F7ADB089237F3A9700DA4E89 /* Resources */ = {
			isa = PBXResourcesBuildPhase;
			buildActionMask = 2147483647;
			files = (
				F70DB819239B169B00D48EC6 /* SettingOptionTableViewCell.xib in Resources */,
				F72EFE49239EF62C008081E1 /* TourInfoView.xib in Resources */,
				F7DFCE3623C662B5002A95C7 /* SettingTableViewCell.xib in Resources */,
				F77879F723C7DA01002F2052 /* circleLoader.json in Resources */,
				F780CE6823A2FDAD00E8E248 /* RecentPlacesTableViewCell.xib in Resources */,
				F7ADAA6923CB2156009ECAEE /* AgreementViewController.xib in Resources */,
				F7CF8D3A239AE39600119B60 /* InterestsTableCell.xib in Resources */,
				F790825223A83AB700056228 /* OptionFilterTableViewCell.xib in Resources */,
				F7CCB5C6238488D7004C4A35 /* Assets.xcassets in Resources */,
				F704B3FA23B7F7340090DD6F /* PlacesCollectionView.xib in Resources */,
				F79754EA23EF489C00306220 /* CategoryFilterViewCell.xib in Resources */,
				F7ADB099237F3A9E00DA4E89 /* LaunchScreen.storyboard in Resources */,
				F7CF8D362399A46300119B60 /* SettingOptionCollectionViewCell.xib in Resources */,
				3A4EE37C23E2E5D000673BB4 /* CategoriesFilterView.xib in Resources */,
				F780CE6423A2F91200E8E248 /* ProfileOptionViewCell.xib in Resources */,
				F780CE6C23A315F200E8E248 /* RecentPlaceCollectionViewCell.xib in Resources */,
				F77C178E23AACAE1009D2D69 /* Authorisation.storyboard in Resources */,
				F7C7A1AC238B369A00C33FE4 /* GoogleService-Info.plist in Resources */,
				3A3E631623ED359800BE2F34 /* AudioPlayerView.xib in Resources */,
				F77D501923C3D1BE00E89E67 /* SplashScreenViewController.xib in Resources */,
				F79FCA2923847ED2009F1693 /* AvenirNextLTPro-UltLtCn.otf in Resources */,
				F79FCA2623847ED2009F1693 /* AvenirNextLTPro-Regular.otf in Resources */,
				F799F5E223D4CD7500106B7E /* HomeViewController.xib in Resources */,
				F79FCA2723847ED2009F1693 /* AvenirNextLTPro-HeavyCn.otf in Resources */,
				F73E166D23E0CC6D0001AB56 /* PlaceTableViewCell.xib in Resources */,
				F77879F523C7D4D2002F2052 /* CentralCircleLoader.json in Resources */,
				F7932B672393A65C006E6496 /* InfoStoryboard.storyboard in Resources */,
				F79FCA2823847ED2009F1693 /* AvenirNextLTPro-Demi.otf in Resources */,
				F700442923A17C9C00D7E59F /* Profile.storyboard in Resources */,
				F7CFD01D239BD3BB00983631 /* TourTableViewCell.xib in Resources */,
				F7CF8D322396FF2100119B60 /* InterestsCollectionViewCell.xib in Resources */,
				F79FCA2123847D4E009F1693 /* AvenirNextLTPro-Bold.otf in Resources */,
			);
			runOnlyForDeploymentPostprocessing = 0;
		};
/* End PBXResourcesBuildPhase section */

/* Begin PBXShellScriptBuildPhase section */
		21AC33CDD474FB31BC594FE7 /* [CP] Embed Pods Frameworks */ = {
			isa = PBXShellScriptBuildPhase;
			buildActionMask = 2147483647;
			files = (
			);
			inputFileListPaths = (
				"${PODS_ROOT}/Target Support Files/Pods-Travel-App/Pods-Travel-App-frameworks-${CONFIGURATION}-input-files.xcfilelist",
			);
			name = "[CP] Embed Pods Frameworks";
			outputFileListPaths = (
				"${PODS_ROOT}/Target Support Files/Pods-Travel-App/Pods-Travel-App-frameworks-${CONFIGURATION}-output-files.xcfilelist",
			);
			runOnlyForDeploymentPostprocessing = 0;
			shellPath = /bin/sh;
			shellScript = "\"${PODS_ROOT}/Target Support Files/Pods-Travel-App/Pods-Travel-App-frameworks.sh\"\n";
			showEnvVarsInLog = 0;
		};
		7D04CF056E5D7EF43D680871 /* [CP] Check Pods Manifest.lock */ = {
			isa = PBXShellScriptBuildPhase;
			buildActionMask = 2147483647;
			files = (
			);
			inputFileListPaths = (
			);
			inputPaths = (
				"${PODS_PODFILE_DIR_PATH}/Podfile.lock",
				"${PODS_ROOT}/Manifest.lock",
			);
			name = "[CP] Check Pods Manifest.lock";
			outputFileListPaths = (
			);
			outputPaths = (
				"$(DERIVED_FILE_DIR)/Pods-Travel-App-checkManifestLockResult.txt",
			);
			runOnlyForDeploymentPostprocessing = 0;
			shellPath = /bin/sh;
			shellScript = "diff \"${PODS_PODFILE_DIR_PATH}/Podfile.lock\" \"${PODS_ROOT}/Manifest.lock\" > /dev/null\nif [ $? != 0 ] ; then\n    # print error to STDERR\n    echo \"error: The sandbox is not in sync with the Podfile.lock. Run 'pod install' or update your CocoaPods installation.\" >&2\n    exit 1\nfi\n# This output is used by Xcode 'outputs' to avoid re-running this script phase.\necho \"SUCCESS\" > \"${SCRIPT_OUTPUT_FILE_0}\"\n";
			showEnvVarsInLog = 0;
		};
		E5AEB7F37C07AB097B33AEB6 /* [CP] Copy Pods Resources */ = {
			isa = PBXShellScriptBuildPhase;
			buildActionMask = 2147483647;
			files = (
			);
			inputFileListPaths = (
				"${PODS_ROOT}/Target Support Files/Pods-Travel-App/Pods-Travel-App-resources-${CONFIGURATION}-input-files.xcfilelist",
			);
			name = "[CP] Copy Pods Resources";
			outputFileListPaths = (
				"${PODS_ROOT}/Target Support Files/Pods-Travel-App/Pods-Travel-App-resources-${CONFIGURATION}-output-files.xcfilelist",
			);
			runOnlyForDeploymentPostprocessing = 0;
			shellPath = /bin/sh;
			shellScript = "\"${PODS_ROOT}/Target Support Files/Pods-Travel-App/Pods-Travel-App-resources.sh\"\n";
			showEnvVarsInLog = 0;
		};
/* End PBXShellScriptBuildPhase section */

/* Begin PBXSourcesBuildPhase section */
		F7ADB087237F3A9700DA4E89 /* Sources */ = {
			isa = PBXSourcesBuildPhase;
			buildActionMask = 2147483647;
			files = (
				F7CFD009239BC76400983631 /* AppButton.swift in Sources */,
				F780A4C523C3DBB300A9A375 /* SplashScreenPresenter.swift in Sources */,
				F7C7A1AA238B30CD00C33FE4 /* GoogleApiService.swift in Sources */,
				F798835F2381AF0E00F01F3A /* SearchViewProtocol.swift in Sources */,
				F7EF6921239BC1310004EF4E /* ToursPresenterProtocol.swift in Sources */,
				F7CF8D312396FF2100119B60 /* InterestsCollectionViewCell.swift in Sources */,
				F7DFCE3523C662B5002A95C7 /* SettingTableViewCell.swift in Sources */,
				F73E166F23E0CFE70001AB56 /* SelfSizedTableView.swift in Sources */,
				F72EFE42239EF16D008081E1 /* TourInfoViewController.swift in Sources */,
				F705253423B4105300E05528 /* OptionFilterSelection.swift in Sources */,
				F7ADB091237F3A9700DA4E89 /* AppTabBarController.swift in Sources */,
				F7842A4023B8C3CC009F692A /* PlaceCardModel.swift in Sources */,
				F79B387A239C6A3C0032F598 /* TourHederView.swift in Sources */,
				F7932B692393A687006E6496 /* PlaceInfoViewController.swift in Sources */,
				F780A4CD23C4F5C200A9A375 /* UserProfile.swift in Sources */,
				F77D501523C3D0C800E89E67 /* UserDefaultsManager.swift in Sources */,
				F780A4C723C3DFF600A9A375 /* AuthStatus.swift in Sources */,
				F79883612381AF1900F01F3A /* SearchPresenter.swift in Sources */,
				F780CE6B23A315F100E8E248 /* RecentPlaceCollectionViewCell.swift in Sources */,
				F75EAD3A2392FED80001C457 /* CategoryFilterDelegate.swift in Sources */,
				F7932B652393A0E4006E6496 /* PlacePreviewDelegate.swift in Sources */,
				F790825123A83AB700056228 /* OptionFilterTableViewCell.swift in Sources */,
				F7AC996A23EE01880046E2B3 /* Notifications.swift in Sources */,
				F700442B23A194C300D7E59F /* AuthViewController.swift in Sources */,
				F761DFF62381CF9200D9DBBD /* SettingsPresenter.swift in Sources */,
				F7CA366923925DC9005F7C57 /* CategoryFilterCell.swift in Sources */,
				F7570AA0238AE8F300621E4F /* Configuration.swift in Sources */,
				F72EFE44239EF618008081E1 /* TourInfoView.swift in Sources */,
				F77C179223AAD3C4009D2D69 /* UIViewController+Extension.swift in Sources */,
				F73E166C23E0CC6D0001AB56 /* PlaceTableViewCell.swift in Sources */,
				F7570AA3238AEAA200621E4F /* Location.swift in Sources */,
				F7EF691D239BC0CA0004EF4E /* ToursViewProtocol.swift in Sources */,
				F761DFF42381CF8500D9DBBD /* SettingsViewProtocol.swift in Sources */,
				F7B45FFF2389103F005CBEE4 /* PreferenceBoardViewController.swift in Sources */,
				F7CFD013239BCC8800983631 /* ProfileViewProtocol.swift in Sources */,
				F79B3873239C13630032F598 /* ToursManager.swift in Sources */,
				F77D501823C3D1BE00E89E67 /* SplashScreenViewController.swift in Sources */,
				F7AC996823EE00DB0046E2B3 /* TPGAudioPlayer.swift in Sources */,
				F7EF691F239BC1230004EF4E /* ToursPresenter.swift in Sources */,
				F7AC996623EE005A0046E2B3 /* SpringboardData.swift in Sources */,
				F7ADAA6F23D0D866009ECAEE /* AgreementType.swift in Sources */,
				F780CE6323A2F91200E8E248 /* ProfileOptionViewCell.swift in Sources */,
				F76BF7F323EC808A00F92C27 /* FacebookButton.swift in Sources */,
				F77F22462392E816004610CE /* Extension+CALayer.swift in Sources */,
				F798835A2381AE5E00F01F3A /* ViewFactory.swift in Sources */,
				F7CFD015239BCCD600983631 /* ProfileViewController.swift in Sources */,
				F780CE6723A2FDAD00E8E248 /* RecentPlacesTableViewCell.swift in Sources */,
				F7CA366D23926116005F7C57 /* Label.swift in Sources */,
				F7CFD011239BCC5600983631 /* ProfilePresenterProtocol.swift in Sources */,
				3A4EE37623E2C38500673BB4 /* UITextField+Extension.swift in Sources */,
				F7ADAA6B23CB681F009ECAEE /* CustomSlider.swift in Sources */,
				F7CFD01C239BD3BB00983631 /* TourTableViewCell.swift in Sources */,
				3A3E631423ED352400BE2F34 /* AudioPlayerView.swift in Sources */,
				F79B387C239D1E4B0032F598 /* NetworkProvider.swift in Sources */,
				F780A4CB23C4F4EB00A9A375 /* FirebaseProfileManager.swift in Sources */,
				F79B3878239C60400032F598 /* NavigationController.swift in Sources */,
				F761DFF22381CF7400D9DBBD /* SettingsViewController.swift in Sources */,
				F79754E923EF489C00306220 /* CategoryFilterViewCell.swift in Sources */,
				F79B3880239D22370032F598 /* PlaceManager.swift in Sources */,
				F799F5E123D4CD7500106B7E /* HomeViewController.swift in Sources */,
				F798835D2381AEF800F01F3A /* SearchViewController.swift in Sources */,
				F7ADB08F237F3A9700DA4E89 /* AppDelegate.swift in Sources */,
				3A4EE37A23E2E58B00673BB4 /* CategoriesFilterView.swift in Sources */,
				F7CA366723925B85005F7C57 /* CategoryFilter.swift in Sources */,
				F761DFF82381CFAD00D9DBBD /* SettingsPresenterProtocol.swift in Sources */,
				F7ADAA7123D460CE009ECAEE /* AgreementDelegate.swift in Sources */,
				F735911523F00DDA00204703 /* PreferenceBoardPresenterProtocol.swift in Sources */,
				F7ADAA6823CB2156009ECAEE /* AgreementViewController.swift in Sources */,
				F735911723F00EF100204703 /* PreferenceBoardViewProtocol.swift in Sources */,
				3A4EE37823E2CF5C00673BB4 /* PlaceCategory.swift in Sources */,
				F77D501323C1F08100E89E67 /* Utilities.swift in Sources */,
				F70DB818239B169B00D48EC6 /* SettingOptionTableViewCell.swift in Sources */,
				F71ACDEB238B41E60092279F /* PlaceData.swift in Sources */,
				F7ADAA6D23D09B81009ECAEE /* UIView+Extension.swift in Sources */,
				F7EF6918239BA4AA0004EF4E /* PreferenceOptionDelegate.swift in Sources */,
				F7EF691A239BBE930004EF4E /* ToursViewController.swift in Sources */,
				F7CFD017239BCD6600983631 /* ProfilePresenter.swift in Sources */,
				F798836A2381C4FA00F01F3A /* HomeViewProtocol.swift in Sources */,
				F7CF8D39239AE39600119B60 /* InterestsTableCell.swift in Sources */,
				F7570AAA238AECBA00621E4F /* LoactionManager.swift in Sources */,
				F7E9DDE2238344CB000DE6F4 /* PlacePreview.swift in Sources */,
				F7570AA8238AEC9C00621E4F /* LocationService.swift in Sources */,
				F72B7C1623A6D6AE009155D4 /* UIButton+Extension.swift in Sources */,
				F704B3FC23B889AF0090DD6F /* CarouselFlowLayout.swift in Sources */,
				3A3D2E64238EE4B500DD9876 /* PlaceDataHolder.swift in Sources */,
				F77D500E23C139D000E89E67 /* RegistrationViewController.swift in Sources */,
				F77C179023AAD216009D2D69 /* CustomTextField.swift in Sources */,
				F745760E238B480C00C5A1DE /* Category.swift in Sources */,
				F704B3F823B7F4B00090DD6F /* PlacesCollectionView.swift in Sources */,
				F79883632381AF5000F01F3A /* SearchPresenterProtocol.swift in Sources */,
				F77879F023C79C2C002F2052 /* GeocodeType.swift in Sources */,
				F79883742381C6CB00F01F3A /* HomePresenterProtocol.swift in Sources */,
				3A3A3814239A74B9001FE150 /* CategoryPreference.swift in Sources */,
				F77D500C23C102DE00E89E67 /* FirebaseAuthManager.swift in Sources */,
				F79883752381C6CB00F01F3A /* HomePresenter.swift in Sources */,
				F7CFD020239BE3A800983631 /* Tour.swift in Sources */,
				F72B7C1423A6CD39009155D4 /* OptionFilterDelegate.swift in Sources */,
				F72B7C1223A6CCD9009155D4 /* OptionFilter.swift in Sources */,
				F735911223F00D9200204703 /* PreferenceBoardPresenter.swift in Sources */,
				F77879F223C7D38E002F2052 /* Loader.swift in Sources */,
				F7CF8D352399A46300119B60 /* SettingOptionCollectionViewCell.swift in Sources */,
				F73E167123E355860001AB56 /* AttributedStringHelper.swift in Sources */,
			);
			runOnlyForDeploymentPostprocessing = 0;
		};
/* End PBXSourcesBuildPhase section */

/* Begin PBXVariantGroup section */
		F7ADB097237F3A9E00DA4E89 /* LaunchScreen.storyboard */ = {
			isa = PBXVariantGroup;
			children = (
				F7ADB098237F3A9E00DA4E89 /* Base */,
			);
			name = LaunchScreen.storyboard;
			sourceTree = "<group>";
		};
/* End PBXVariantGroup section */

/* Begin XCBuildConfiguration section */
		F7ADB09B237F3A9E00DA4E89 /* Debug */ = {
			isa = XCBuildConfiguration;
			buildSettings = {
				ALWAYS_SEARCH_USER_PATHS = NO;
				CLANG_ANALYZER_NONNULL = YES;
				CLANG_ANALYZER_NUMBER_OBJECT_CONVERSION = YES_AGGRESSIVE;
				CLANG_CXX_LANGUAGE_STANDARD = "gnu++14";
				CLANG_CXX_LIBRARY = "libc++";
				CLANG_ENABLE_MODULES = YES;
				CLANG_ENABLE_OBJC_ARC = YES;
				CLANG_ENABLE_OBJC_WEAK = YES;
				CLANG_WARN_BLOCK_CAPTURE_AUTORELEASING = YES;
				CLANG_WARN_BOOL_CONVERSION = YES;
				CLANG_WARN_COMMA = YES;
				CLANG_WARN_CONSTANT_CONVERSION = YES;
				CLANG_WARN_DEPRECATED_OBJC_IMPLEMENTATIONS = YES;
				CLANG_WARN_DIRECT_OBJC_ISA_USAGE = YES_ERROR;
				CLANG_WARN_DOCUMENTATION_COMMENTS = YES;
				CLANG_WARN_EMPTY_BODY = YES;
				CLANG_WARN_ENUM_CONVERSION = YES;
				CLANG_WARN_INFINITE_RECURSION = YES;
				CLANG_WARN_INT_CONVERSION = YES;
				CLANG_WARN_NON_LITERAL_NULL_CONVERSION = YES;
				CLANG_WARN_OBJC_IMPLICIT_RETAIN_SELF = YES;
				CLANG_WARN_OBJC_LITERAL_CONVERSION = YES;
				CLANG_WARN_OBJC_ROOT_CLASS = YES_ERROR;
				CLANG_WARN_RANGE_LOOP_ANALYSIS = YES;
				CLANG_WARN_STRICT_PROTOTYPES = YES;
				CLANG_WARN_SUSPICIOUS_MOVE = YES;
				CLANG_WARN_UNGUARDED_AVAILABILITY = YES_AGGRESSIVE;
				CLANG_WARN_UNREACHABLE_CODE = YES;
				CLANG_WARN__DUPLICATE_METHOD_MATCH = YES;
				CODE_SIGN_IDENTITY = "iPhone Developer";
				COPY_PHASE_STRIP = NO;
				DEBUG_INFORMATION_FORMAT = dwarf;
				ENABLE_STRICT_OBJC_MSGSEND = YES;
				ENABLE_TESTABILITY = YES;
				GCC_C_LANGUAGE_STANDARD = gnu11;
				GCC_DYNAMIC_NO_PIC = NO;
				GCC_NO_COMMON_BLOCKS = YES;
				GCC_OPTIMIZATION_LEVEL = 0;
				GCC_PREPROCESSOR_DEFINITIONS = (
					"DEBUG=1",
					"$(inherited)",
				);
				GCC_WARN_64_TO_32_BIT_CONVERSION = YES;
				GCC_WARN_ABOUT_RETURN_TYPE = YES_ERROR;
				GCC_WARN_UNDECLARED_SELECTOR = YES;
				GCC_WARN_UNINITIALIZED_AUTOS = YES_AGGRESSIVE;
				GCC_WARN_UNUSED_FUNCTION = YES;
				GCC_WARN_UNUSED_VARIABLE = YES;
				IPHONEOS_DEPLOYMENT_TARGET = 11.0;
				MTL_ENABLE_DEBUG_INFO = INCLUDE_SOURCE;
				MTL_FAST_MATH = YES;
				ONLY_ACTIVE_ARCH = YES;
				SDKROOT = iphoneos;
				SWIFT_ACTIVE_COMPILATION_CONDITIONS = DEBUG;
				SWIFT_OPTIMIZATION_LEVEL = "-Onone";
			};
			name = Debug;
		};
		F7ADB09C237F3A9E00DA4E89 /* Release */ = {
			isa = XCBuildConfiguration;
			buildSettings = {
				ALWAYS_SEARCH_USER_PATHS = NO;
				CLANG_ANALYZER_NONNULL = YES;
				CLANG_ANALYZER_NUMBER_OBJECT_CONVERSION = YES_AGGRESSIVE;
				CLANG_CXX_LANGUAGE_STANDARD = "gnu++14";
				CLANG_CXX_LIBRARY = "libc++";
				CLANG_ENABLE_MODULES = YES;
				CLANG_ENABLE_OBJC_ARC = YES;
				CLANG_ENABLE_OBJC_WEAK = YES;
				CLANG_WARN_BLOCK_CAPTURE_AUTORELEASING = YES;
				CLANG_WARN_BOOL_CONVERSION = YES;
				CLANG_WARN_COMMA = YES;
				CLANG_WARN_CONSTANT_CONVERSION = YES;
				CLANG_WARN_DEPRECATED_OBJC_IMPLEMENTATIONS = YES;
				CLANG_WARN_DIRECT_OBJC_ISA_USAGE = YES_ERROR;
				CLANG_WARN_DOCUMENTATION_COMMENTS = YES;
				CLANG_WARN_EMPTY_BODY = YES;
				CLANG_WARN_ENUM_CONVERSION = YES;
				CLANG_WARN_INFINITE_RECURSION = YES;
				CLANG_WARN_INT_CONVERSION = YES;
				CLANG_WARN_NON_LITERAL_NULL_CONVERSION = YES;
				CLANG_WARN_OBJC_IMPLICIT_RETAIN_SELF = YES;
				CLANG_WARN_OBJC_LITERAL_CONVERSION = YES;
				CLANG_WARN_OBJC_ROOT_CLASS = YES_ERROR;
				CLANG_WARN_RANGE_LOOP_ANALYSIS = YES;
				CLANG_WARN_STRICT_PROTOTYPES = YES;
				CLANG_WARN_SUSPICIOUS_MOVE = YES;
				CLANG_WARN_UNGUARDED_AVAILABILITY = YES_AGGRESSIVE;
				CLANG_WARN_UNREACHABLE_CODE = YES;
				CLANG_WARN__DUPLICATE_METHOD_MATCH = YES;
				CODE_SIGN_IDENTITY = "iPhone Developer";
				COPY_PHASE_STRIP = NO;
				DEBUG_INFORMATION_FORMAT = "dwarf-with-dsym";
				ENABLE_NS_ASSERTIONS = NO;
				ENABLE_STRICT_OBJC_MSGSEND = YES;
				GCC_C_LANGUAGE_STANDARD = gnu11;
				GCC_NO_COMMON_BLOCKS = YES;
				GCC_WARN_64_TO_32_BIT_CONVERSION = YES;
				GCC_WARN_ABOUT_RETURN_TYPE = YES_ERROR;
				GCC_WARN_UNDECLARED_SELECTOR = YES;
				GCC_WARN_UNINITIALIZED_AUTOS = YES_AGGRESSIVE;
				GCC_WARN_UNUSED_FUNCTION = YES;
				GCC_WARN_UNUSED_VARIABLE = YES;
				IPHONEOS_DEPLOYMENT_TARGET = 11.0;
				MTL_ENABLE_DEBUG_INFO = NO;
				MTL_FAST_MATH = YES;
				SDKROOT = iphoneos;
				SWIFT_COMPILATION_MODE = wholemodule;
				SWIFT_OPTIMIZATION_LEVEL = "-O";
				VALIDATE_PRODUCT = YES;
			};
			name = Release;
		};
		F7ADB09E237F3A9E00DA4E89 /* Debug */ = {
			isa = XCBuildConfiguration;
			baseConfigurationReference = 3CCBF9ADA3EC86FC713D01DA /* Pods-Travel-App.debug.xcconfig */;
			buildSettings = {
				ASSETCATALOG_COMPILER_APPICON_NAME = AppIcon;
				CLANG_ENABLE_MODULES = YES;
				CODE_SIGN_IDENTITY = "Apple Development";
				CODE_SIGN_STYLE = Automatic;
				DEVELOPMENT_TEAM = KHN7WQWRV9;
				INFOPLIST_FILE = "Travel-App/Info.plist";
				IPHONEOS_DEPLOYMENT_TARGET = 11.0;
				LD_RUNPATH_SEARCH_PATHS = (
					"$(inherited)",
					"@executable_path/Frameworks",
				);
				PRODUCT_BUNDLE_IDENTIFIER = "com.Anton-Ivanou.Travel-Ap";
				PRODUCT_NAME = "$(TARGET_NAME)";
				PROVISIONING_PROFILE_SPECIFIER = "";
				SWIFT_OPTIMIZATION_LEVEL = "-Onone";
				SWIFT_VERSION = 5.0;
				TARGETED_DEVICE_FAMILY = 1;
			};
			name = Debug;
		};
		F7ADB09F237F3A9E00DA4E89 /* Release */ = {
			isa = XCBuildConfiguration;
			baseConfigurationReference = F00031C6B9A4EF8BE8D81578 /* Pods-Travel-App.release.xcconfig */;
			buildSettings = {
				ASSETCATALOG_COMPILER_APPICON_NAME = AppIcon;
				CLANG_ENABLE_MODULES = YES;
				CODE_SIGN_IDENTITY = "Apple Development";
				CODE_SIGN_STYLE = Automatic;
				DEVELOPMENT_TEAM = KHN7WQWRV9;
				INFOPLIST_FILE = "Travel-App/Info.plist";
				IPHONEOS_DEPLOYMENT_TARGET = 11.0;
				LD_RUNPATH_SEARCH_PATHS = (
					"$(inherited)",
					"@executable_path/Frameworks",
				);
				PRODUCT_BUNDLE_IDENTIFIER = "com.Anton-Ivanou.Travel-Ap";
				PRODUCT_NAME = "$(TARGET_NAME)";
				PROVISIONING_PROFILE_SPECIFIER = "";
				SWIFT_VERSION = 5.0;
				TARGETED_DEVICE_FAMILY = 1;
			};
			name = Release;
		};
/* End XCBuildConfiguration section */

/* Begin XCConfigurationList section */
		F7ADB086237F3A9700DA4E89 /* Build configuration list for PBXProject "Travel-App" */ = {
			isa = XCConfigurationList;
			buildConfigurations = (
				F7ADB09B237F3A9E00DA4E89 /* Debug */,
				F7ADB09C237F3A9E00DA4E89 /* Release */,
			);
			defaultConfigurationIsVisible = 0;
			defaultConfigurationName = Release;
		};
		F7ADB09D237F3A9E00DA4E89 /* Build configuration list for PBXNativeTarget "Travel-App" */ = {
			isa = XCConfigurationList;
			buildConfigurations = (
				F7ADB09E237F3A9E00DA4E89 /* Debug */,
				F7ADB09F237F3A9E00DA4E89 /* Release */,
			);
			defaultConfigurationIsVisible = 0;
			defaultConfigurationName = Release;
		};
/* End XCConfigurationList section */
	};
	rootObject = F7ADB083237F3A9700DA4E89 /* Project object */;
}
